{
  "version": 4,
  "terraform_version": "1.1.6",
  "serial": 81,
  "lineage": "fbef85bf-7444-dbc4-1177-5568fd5dcbee",
  "outputs": {},
  "resources": [
    {
      "mode": "data",
      "type": "google_client_config",
      "name": "default",
      "provider": "provider[\"registry.terraform.io/hashicorp/google\"]",
      "instances": [
        {
          "schema_version": 0,
          "attributes": {
            "access_token": "ya29.A0ARrdaM_l5sNFs3FlI7Z4Gv0lbl0ubvyoH7eVE4JSlVKaIN6MO_h64-hAkDsdApm0x7Sp5v4CutnhUjo8EZQZgFlpENOWX9tER7GVAGrxy9W9jV7yxc8riyntjOSqf30Ng6q18VSCMtUQH7V6D4wM5Lu4Anb-Hkh--UfFIA",
            "id": "projects/test-project-ws-342013/regions/us-central1/zones/",
            "project": "test-project-ws-342013",
            "region": "us-central1",
            "zone": ""
          },
          "sensitive_attributes": []
        }
      ]
    },
    {
      "mode": "managed",
      "type": "google_compute_network",
      "name": "vpc_network_gke",
      "provider": "provider[\"registry.terraform.io/hashicorp/google\"]",
      "instances": [
        {
          "schema_version": 0,
          "attributes": {
            "auto_create_subnetworks": false,
            "delete_default_routes_on_create": false,
            "description": "",
            "gateway_ipv4": "",
            "id": "projects/test-project-ws-342013/global/networks/gke-vpc",
            "mtu": 0,
            "name": "gke-vpc",
            "project": "test-project-ws-342013",
            "routing_mode": "REGIONAL",
            "self_link": "https://www.googleapis.com/compute/v1/projects/test-project-ws-342013/global/networks/gke-vpc",
            "timeouts": null
          },
          "sensitive_attributes": [],
          "private": "eyJlMmJmYjczMC1lY2FhLTExZTYtOGY4OC0zNDM2M2JjN2M0YzAiOnsiY3JlYXRlIjoxMjAwMDAwMDAwMDAwLCJkZWxldGUiOjEyMDAwMDAwMDAwMDAsInVwZGF0ZSI6MTIwMDAwMDAwMDAwMH19"
        }
      ]
    },
    {
      "mode": "managed",
      "type": "google_compute_subnetwork",
      "name": "gke-subnet",
      "provider": "provider[\"registry.terraform.io/hashicorp/google\"]",
      "instances": [
        {
          "schema_version": 0,
          "attributes": {
            "creation_timestamp": "2022-03-01T06:14:37.266-08:00",
            "description": "",
            "external_ipv6_prefix": "",
            "fingerprint": null,
            "gateway_address": "10.2.0.1",
            "id": "projects/test-project-ws-342013/regions/us-central1/subnetworks/gke-vpc-subnet",
            "ip_cidr_range": "10.2.0.0/16",
            "ipv6_access_type": "",
            "ipv6_cidr_range": "",
            "log_config": [],
            "name": "gke-vpc-subnet",
            "network": "https://www.googleapis.com/compute/v1/projects/test-project-ws-342013/global/networks/gke-vpc",
            "private_ip_google_access": false,
            "private_ipv6_google_access": "DISABLE_GOOGLE_ACCESS",
            "project": "test-project-ws-342013",
            "purpose": "PRIVATE",
            "region": "us-central1",
            "role": "",
            "secondary_ip_range": [
              {
                "ip_cidr_range": "10.3.0.0/16",
                "range_name": "services-range"
              },
              {
                "ip_cidr_range": "10.4.0.0/16",
                "range_name": "pod-ranges"
              }
            ],
            "self_link": "https://www.googleapis.com/compute/v1/projects/test-project-ws-342013/regions/us-central1/subnetworks/gke-vpc-subnet",
            "stack_type": "IPV4_ONLY",
            "timeouts": null
          },
          "sensitive_attributes": [],
          "private": "eyJlMmJmYjczMC1lY2FhLTExZTYtOGY4OC0zNDM2M2JjN2M0YzAiOnsiY3JlYXRlIjoxMjAwMDAwMDAwMDAwLCJkZWxldGUiOjEyMDAwMDAwMDAwMDAsInVwZGF0ZSI6MTIwMDAwMDAwMDAwMH19",
          "dependencies": [
            "google_compute_network.vpc_network_gke"
          ]
        }
      ]
    },
    {
      "mode": "managed",
      "type": "google_container_cluster",
      "name": "primary",
      "provider": "provider[\"registry.terraform.io/hashicorp/google\"]",
      "instances": [
        {
          "schema_version": 1,
          "attributes": {
            "addons_config": [
              {
                "cloudrun_config": [],
                "gcp_filestore_csi_driver_config": [],
                "horizontal_pod_autoscaling": [],
                "http_load_balancing": [],
                "network_policy_config": [
                  {
                    "disabled": true
                  }
                ]
              }
            ],
            "authenticator_groups_config": [],
            "cluster_autoscaling": [
              {
                "auto_provisioning_defaults": [
                  {
                    "image_type": "COS_CONTAINERD",
                    "oauth_scopes": [
                      "https://www.googleapis.com/auth/logging.write",
                      "https://www.googleapis.com/auth/monitoring"
                    ],
                    "service_account": "default"
                  }
                ],
                "enabled": true,
                "resource_limits": [
                  {
                    "maximum": 6,
                    "minimum": 1,
                    "resource_type": "cpu"
                  },
                  {
                    "maximum": 16,
                    "minimum": 4,
                    "resource_type": "memory"
                  }
                ]
              }
            ],
            "cluster_ipv4_cidr": "10.20.0.0/14",
            "confidential_nodes": [],
            "database_encryption": [
              {
                "key_name": "",
                "state": "DECRYPTED"
              }
            ],
            "datapath_provider": "",
            "default_max_pods_per_node": 110,
            "default_snat_status": [
              {
                "disabled": false
              }
            ],
            "description": "",
            "dns_config": [],
            "enable_autopilot": false,
            "enable_binary_authorization": false,
            "enable_intranode_visibility": false,
            "enable_kubernetes_alpha": false,
            "enable_legacy_abac": false,
            "enable_shielded_nodes": true,
            "enable_tpu": false,
            "endpoint": "35.192.151.44",
            "id": "projects/test-project-ws-342013/locations/us-central1-a/clusters/gke-test-cluster",
            "initial_node_count": 3,
            "ip_allocation_policy": [
              {
                "cluster_ipv4_cidr_block": "10.20.0.0/14",
                "cluster_secondary_range_name": "gke-gke-test-cluster-pods-f49c7e49",
                "services_ipv4_cidr_block": "10.4.0.0/16",
                "services_secondary_range_name": "pod-ranges"
              }
            ],
            "label_fingerprint": "a9dc16a7",
            "location": "us-central1-a",
            "logging_config": [
              {
                "enable_components": [
                  "SYSTEM_COMPONENTS",
                  "WORKLOADS"
                ]
              }
            ],
            "logging_service": "logging.googleapis.com/kubernetes",
            "maintenance_policy": [],
            "master_auth": [
              {
                "client_certificate": "LS0tLS1CRUdJTiBDRVJUSUZJQ0FURS0tLS0tCk1JSURvRENDQWdpZ0F3SUJBZ0lRWngzNTkxb28zd2Z6REZyT1NadTB2VEFOQmdrcWhraUc5dzBCQVFzRkFEQXYKTVMwd0t3WURWUVFERXlRelltTmtZV1F5Tmkxa1l6SmhMVFJoWldVdE9XRXpNQzFsWXpobFpqSXdaV00wTkdVdwpIaGNOTWpJd016QXhNVFF4TnpRMFdoY05NamN3TWpJNE1UUXhOelEwV2pBUk1ROHdEUVlEVlFRREV3WmpiR2xsCmJuUXdnZ0VpTUEwR0NTcUdTSWIzRFFFQkFRVUFBNElCRHdBd2dnRUtBb0lCQVFDcDNLOWQ1S1hIb0FjUVA5TnEKL1hQOGFjSVBRelIvVjlBb0lkR3o0UmdJdVBqUzdZREtFcFFTYnJ1OFVjT1kyWGZwYmFQdkRBNCtQRGJ0NjFlbAo5NlB2eXByQ2o4ZjE3SENSdVluL05iVkU0Zi9scldXZHdPQVFRbzBkK0ozeS9QT0VGZlFCUXBrL29lUUhvSXEvCnRvb09LUXQ4bG4yTzlYdHFFSlBXRUNVNHRNc3NvRHBsa0RjanR5RGd1NklJL3drcFpWT2p1RmdneFMzTnkwNzQKSUN3bEFSNFRXSXFCZGp4QlpxUEVBMmxoOWd5U0VhdFZBbFRPRVc4SU1HcUNEVCtBaTNvSkxKb3p2SGs3djFMbgp4Z3F0UlFOZGp2YnFLKzkydjRCNUYvWXdad1VlUE16MTR2NkZxVzlwSER1M01FR2dxRTZrWE1JL3dVdWNLczloClM5MHJBZ01CQUFHalZqQlVNQTRHQTFVZER3RUIvd1FFQXdJRm9EQVRCZ05WSFNVRUREQUtCZ2dyQmdFRkJRY0QKQWpBTUJnTlZIUk1CQWY4RUFqQUFNQjhHQTFVZEl3UVlNQmFBRkZPR0dyS0RqSzBBVDI5S0dpZXdsYURuaU9jeQpNQTBHQ1NxR1NJYjNEUUVCQ3dVQUE0SUJnUUJTVnhvRXYvd0lBNTRYVERkbWVWVS9DSGJ1ZEs5dVRWL3dBZ0Q2Cktrbk51R25GMHlyQmFFcCtrZVFGRXppeVE0STFuMXV4WFJyS3I4Q1BDRExNM1FPY2JyOWhQMWIyQUVJZkphdTMKSjM2YzF5ZGx5OW5jc29Zd0EwVGcxOXUyQ3BRWklSNEtQWEo1WktmdzlNUVp6bGt4RVRxSXYvRlhLcGxsYTh4SQpXS3hwbGJWbzJKUFloajdFclBocDErazExeVpWd3JjRHhLbXlKbHV3dUZpM2xSeE4yeHp2VnBQN3ZLUkNqUUZWCnRSMEpIU2hZYmthZ3E5d2lGQVppZkNFWkU3OW0yOFFJWTNpVkhDSFJ4cmlBditZTElhQmlxcFdJVGlRcVFIeEUKL0R2UUhwY2JvRW0vbE91cE1haG9FZXN6UmtPOElGUjRPbDljei84eXE0THpvaUtNUG1USXJIYUkxd2VBNXd5UApuekhqL0l5aVh5MzlXaVhmZndjeU9HbjVrWHZLSndvREhjUUF4SjFVTE4xVjJZSE1zZVBZeFo5ZkJzd2d2L0RtClk5aS9KclpyeE80T3pKNVJkYW1hTm9MSGhnaVJ0eEdRSk5vWWxnVzM4UDNmQmJrVFkyZm5XeUJHMHNqdUlQbm4Ka0dQVE5lbnF3OXlWc2xtelUyMC9PY3BoU2JBPQotLS0tLUVORCBDRVJUSUZJQ0FURS0tLS0tCg==",
                "client_certificate_config": [
                  {
                    "issue_client_certificate": true
                  }
                ],
                "client_key": "LS0tLS1CRUdJTiBSU0EgUFJJVkFURSBLRVktLS0tLQpNSUlFcEFJQkFBS0NBUUVBcWR5dlhlU2x4NkFIRUQvVGF2MXovR25DRDBNMGYxZlFLQ0hScytFWUNMajQwdTJBCnloS1VFbTY3dkZIRG1ObDM2VzJqN3d3T1BqdzI3ZXRYcGZlajc4cWF3by9IOWV4d2tibUovelcxUk9ILzVhMWwKbmNEZ0VFS05IZmlkOHZ6emhCWDBBVUtaUDZIa0I2Q0t2N2FLRGlrTGZKWjlqdlY3YWhDVDFoQWxPTFRMTEtBNgpaWkEzSTdjZzRMdWlDUDhKS1dWVG83aFlJTVV0emN0TytDQXNKUUVlRTFpS2dYWThRV2FqeEFOcFlmWU1raEdyClZRSlV6aEZ2Q0RCcWdnMC9nSXQ2Q1N5YU03eDVPNzlTNThZS3JVVURYWTcyNml2dmRyK0FlUmYyTUdjRkhqek0KOWVMK2hhbHZhUnc3dHpCQm9LaE9wRnpDUDhGTG5DclBZVXZkS3dJREFRQUJBb0lCQUJXRW1ZbnY4cTVZdXBHcwo1dUtlcS9MMXVpU0dmaC9acHlBYnRLaUZ1SVBoQnRNVm9qaU1aUFNoZkNmWVJjcUJxMmFjbHpxcnBpR1gyQytJCm5qTURXRGNDelZzZUFzQ2RJZ294TW1ic1RnUFFDMjVKbFROZG9TVFRnWFA0QlpqOWEvaU15QkNNSXNURVdlZVEKeDEyUG5yL2t6dDgxWXorRHlvMW8velFNR2VNQkUxeHY3L1VsRHIvYVFPT0pOY0pJd3R5RnNheG1iQVEwQithZgpDY2ZjT2pTN0hyQXA4K3BkNDEzQ0N1Z21CUkllNjVhOERBankzK0p5RUNCTlNEbW1qVFo1VnNNV3IvOVdRbFdVCkZEMHY2UnNtSEZScWNwckVwZG9iRFZFaHJUK1d4THB5MHN6bHBBZkFMWjBiM0R3Zk9mbE5ZZUx4RkZGVmFtbVMKdVJxdkZaMENnWUVBMFdNcTBEWW00U3hGWFZMOUhlemkxN2syaTZFTVJ0ZkZ5WXQ2Q2NoWjhIcnBXT3A1b1BQSQphbE9KWEQ4UjVhSUhiWHVYRUptd3lzdUdRa3h0RGdQcjFLOVNQSEVZdVpHTC9oN1Vuek1GUmRuamhCb1hRc3FrCnJ3THV1SjJiQTlEQm9VVkdKWDZ5dGFrcGhVRkY2cXNYK1FmeGFwMlFZekdMdlhnTHlxZitsQTBDZ1lFQXo2ei8KckdBMmliSVRPY0hTYjlYME9kNDZKMHM0TmlVWlJRQzArQklURlRxL0tZWm54Yis0Y2ladlFQeVNRZkFMdCtmTQo0cVBMUUZMK29BZm9uVnRjUFdhMDNoZ2FNakUyQytwZXZ2NXQ3UVNKTkJJZlhXcjRMV05yVkdqT2VxUmpRNkRRCjM0c0liL1Z2RW81ejZtV2hyWDBrVElYS0hoS2ZLZTA0UndNcTBCY0NnWUVBaEhNbWNlN1BTVUNuNEJETzdFOGMKYnpsSnQ2bDRDcGdURlJxVlovckVhY3BXTVZpZzk1ODk5NFJBTDRuMTJEeFdWbnNIWkFqVVBIUGh5YTV1alo4TgpYc3hJU05PQndHREJIVTZEVVBFRk5OcFBnUkRBQmhBSmZHdHVkbm03eFA0WWZkdEVOQk9oR0NpWml5RnZDTEtSCng0V3V3TEpLMDNSVDROWS9IMEtGVjBFQ2dZRUF6ZUE1b2QvTGtSdUl0YVF3Z28rK3lqTkV3VGx2WXpYSjVENzgKS0VSNnlIdnhrQy9lNWduV3hzclZWYjVORzdMbFd3NGZiYnBrdnNMSUMwdHJ6YnNKS1JHTlVmTGczVXN0d2dnNApudXpKZXNNWlpSWm1JNHpzdE1vdlY0R0MxOC9wVzl5cjFFQVhRQzQyUzFZUEVacG8rZnpxSkRZcGxVQnVxdml3CjVxejhIMGNDZ1lCTWRXYTJld0VtaTliNUtvbVY3U1YwU05ORWIvT3psK1cxMkZESHRVMDU4dG1oUUJmZi9QYnEKVStCMHhiY3VzREo5dnNKZWUrUkQ2Z2IrQ3NjQnNPdDhqZXpjSzF4K2RzOVY0WFV3aWVDbjA3VDNNZjIxeGVONQoxQkpTZTdOcXRDYzVVZWh3ek1GWWxsTXVFVjJPQVJCYWNBSkE0UU40MXlsejN0RC9kN3ZBN1E9PQotLS0tLUVORCBSU0EgUFJJVkFURSBLRVktLS0tLQo=",
                "cluster_ca_certificate": "LS0tLS1CRUdJTiBDRVJUSUZJQ0FURS0tLS0tCk1JSUVMVENDQXBXZ0F3SUJBZ0lSQUpkQ0N0eUZNM2JqODFGR0NyTmQyd293RFFZSktvWklodmNOQVFFTEJRQXcKTHpFdE1Dc0dBMVVFQXhNa00ySmpaR0ZrTWpZdFpHTXlZUzAwWVdWbExUbGhNekF0WldNNFpXWXlNR1ZqTkRSbApNQ0FYRFRJeU1ETXdNVEV6TVRjME0xb1lEekl3TlRJd01qSXlNVFF4TnpReldqQXZNUzB3S3dZRFZRUURFeVF6ClltTmtZV1F5Tmkxa1l6SmhMVFJoWldVdE9XRXpNQzFsWXpobFpqSXdaV00wTkdVd2dnR2lNQTBHQ1NxR1NJYjMKRFFFQkFRVUFBNElCandBd2dnR0tBb0lCZ1FDYlRqdHNJaVAvQnZzK0xMQ0gzQ2NqQzh6cWdZYWhIaWJtNUFYVgo3YWxqdmdOZ2VOcnh2TkxkSTZsM0dvZE5ZbGFRMWFleTd2LzF4enprbWgwKzlyTjYwWFREK1dpT0Z0TVRBTU9OCnh1dGU3SlNrUStYYWhkc2J5dG85U09FaEtnekkxTUxBSUMydURoRktHZU9leXpYMDlUL2FjcTQ4eUd3ellEUWsKNkNRNVc2SVBzTk0rSldRcStPU2xZOVBJYlVGQitnOVJuUnJBbDRCMVhHUEpNOWphWlY5bzZQUnlHaHdCd3pHMwpjVktyOUl2KzB6R0ZCVXg5bjN5L2h2NnBhNVV5YWJaZmNteXpuMzdYbjFKNmwvdmtvcm1EQitqOGhSekxqREx1CklBZDkzVkpncElXTzRpZGJLaldteXU3VzNqcmptbVhyeG5rZE1uZ2lPL3FFYThYTWY4VWoxR0tEWG1uTXVpUkMKZjE5YjZkam1vc0xSbXFjaGNMbmhWamxaKzdINUNzSFRFWExBWHUrQ2FaT212L0xmdGhkVFFuZEpzTk15aFk2MgpUM1hjQUxFbXNVSDFhYVBwaE5IdW1UVWRFV3VLWklMWFBCQy9QUFNvVGhmSHVKcTV2T2IxcnhhbXlwR1IvdUxICnhheEJITngxcSt2c3ZWdDdxeWI0M1B0OGdLTUNBd0VBQWFOQ01FQXdEZ1lEVlIwUEFRSC9CQVFEQWdJRU1BOEcKQTFVZEV3RUIvd1FGTUFNQkFmOHdIUVlEVlIwT0JCWUVGRk9HR3JLRGpLMEFUMjlLR2lld2xhRG5pT2N5TUEwRwpDU3FHU0liM0RRRUJDd1VBQTRJQmdRQTZVZFA1RDg1QVh6OUszSHFJdGlDcGErNEJVQkhVMGlJQ25rNTQ1TkxTCklMZWE4ZnVHdUd3anQyLzJRdy94L0pFeEp6TWE4WHBOWWx6Mkc0OHpVaTlaM056L2tzUEJvUEdGTnRlbGljelcKcXU5c29BQVN1QXczcHl4OVBZS0tTTFpzeXh3aG5KV3R6U2RwaDRtY0Z3Z0NndXArbklRMTNLVzJzR0J4UlJvbQorNzRMWUlpaHkwTFJaZmh3WG85S0FIbngveVZHL2M0bVV1N3Y2bTl6WWF3dVNWZEZZdlA1VmhmSWN5TFEzY3VHCnRhWlVCTjVkSkQvdVhlTEY4ZDZvc3RObDJNb3UxT25zUkV4UkJ4MDdpN1BBeTBMdW05d0tvUkdoTkJ0MW1XYlgKeHRFSTBiZnZrK0k4M0dVcGhDQTZzZUtoQzNqV2FhQjFUSVdRbGx2ZXlYbFFXbkFNUDVoREMyMCtiZjVmMmNYUApUejZlSFlvRkw1MCt5c3BhY3NQd0NDaUVrbXF4MmFvNnc5WkhyOFdETW92RXNubzlYWWZPME45Qi95WGFIT1EyCjcvSmJSNU9rd2MycGlDbkpXT1N0M1Y4b05GRmdxbWZweERsRlZQUm1hUzZhak1rU0Y4YlZnUWRDaG9PUXZDbGwKL2xsZ3gvOE9FUFJXbnJnSkZiOUhvTWM9Ci0tLS0tRU5EIENFUlRJRklDQVRFLS0tLS0K"
              }
            ],
            "master_authorized_networks_config": [],
            "master_version": "1.21.6-gke.1500",
            "min_master_version": null,
            "monitoring_config": [
              {
                "enable_components": [
                  "SYSTEM_COMPONENTS"
                ]
              }
            ],
            "monitoring_service": "monitoring.googleapis.com/kubernetes",
            "name": "gke-test-cluster",
            "network": "projects/test-project-ws-342013/global/networks/gke-vpc",
            "network_policy": [
              {
                "enabled": false,
                "provider": "PROVIDER_UNSPECIFIED"
              }
            ],
            "networking_mode": "VPC_NATIVE",
            "node_config": [
              {
                "boot_disk_kms_key": "",
                "disk_size_gb": 100,
                "disk_type": "pd-standard",
                "gcfs_config": [],
                "guest_accelerator": [],
                "image_type": "COS_CONTAINERD",
                "labels": {
                  "foo": "bar"
                },
                "local_ssd_count": 0,
                "machine_type": "g1-small",
                "metadata": {
                  "disable-legacy-endpoints": "true"
                },
                "min_cpu_platform": "",
                "node_group": "",
                "oauth_scopes": [
                  "https://www.googleapis.com/auth/cloud-platform"
                ],
                "preemptible": true,
                "service_account": "default",
                "shielded_instance_config": [
                  {
                    "enable_integrity_monitoring": true,
                    "enable_secure_boot": false
                  }
                ],
                "tags": [
                  "foo",
                  "bar"
                ],
                "taint": [],
                "workload_metadata_config": []
              }
            ],
            "node_locations": [],
            "node_pool": [
              {
                "autoscaling": [],
                "initial_node_count": 3,
                "instance_group_urls": [
                  "https://www.googleapis.com/compute/v1/projects/test-project-ws-342013/zones/us-central1-a/instanceGroupManagers/gke-gke-test-cluster-default-pool-c09af177-grp"
                ],
                "managed_instance_group_urls": [
                  "https://www.googleapis.com/compute/v1/projects/test-project-ws-342013/zones/us-central1-a/instanceGroups/gke-gke-test-cluster-default-pool-c09af177-grp"
                ],
                "management": [
                  {
                    "auto_repair": true,
                    "auto_upgrade": true
                  }
                ],
                "max_pods_per_node": 110,
                "name": "default-pool",
                "name_prefix": "",
                "node_config": [
                  {
                    "boot_disk_kms_key": "",
                    "disk_size_gb": 100,
                    "disk_type": "pd-standard",
                    "gcfs_config": [],
                    "guest_accelerator": [],
                    "image_type": "COS_CONTAINERD",
                    "labels": {
                      "foo": "bar"
                    },
                    "local_ssd_count": 0,
                    "machine_type": "g1-small",
                    "metadata": {
                      "disable-legacy-endpoints": "true"
                    },
                    "min_cpu_platform": "",
                    "node_group": "",
                    "oauth_scopes": [
                      "https://www.googleapis.com/auth/cloud-platform"
                    ],
                    "preemptible": true,
                    "service_account": "default",
                    "shielded_instance_config": [
                      {
                        "enable_integrity_monitoring": true,
                        "enable_secure_boot": false
                      }
                    ],
                    "tags": [
                      "foo",
                      "bar"
                    ],
                    "taint": [],
                    "workload_metadata_config": []
                  }
                ],
                "node_count": 3,
                "node_locations": [
                  "us-central1-a"
                ],
                "upgrade_settings": [
                  {
                    "max_surge": 1,
                    "max_unavailable": 0
                  }
                ],
                "version": "1.21.6-gke.1500"
              }
            ],
            "node_version": "1.21.6-gke.1500",
            "operation": null,
            "private_cluster_config": [],
            "private_ipv6_google_access": "",
            "project": "test-project-ws-342013",
            "release_channel": [
              {
                "channel": "REGULAR"
              }
            ],
            "remove_default_node_pool": null,
            "resource_labels": null,
            "resource_usage_export_config": [],
            "self_link": "https://container.googleapis.com/v1/projects/test-project-ws-342013/zones/us-central1-a/clusters/gke-test-cluster",
            "services_ipv4_cidr": "10.4.0.0/16",
            "subnetwork": "projects/test-project-ws-342013/regions/us-central1/subnetworks/gke-vpc-subnet",
            "timeouts": {
              "create": "30m",
              "delete": null,
              "read": null,
              "update": "40m"
            },
            "tpu_ipv4_cidr_block": "",
            "vertical_pod_autoscaling": [],
            "workload_identity_config": []
          },
          "sensitive_attributes": [],
          "private": "eyJlMmJmYjczMC1lY2FhLTExZTYtOGY4OC0zNDM2M2JjN2M0YzAiOnsiY3JlYXRlIjoxODAwMDAwMDAwMDAwLCJkZWxldGUiOjI0MDAwMDAwMDAwMDAsInJlYWQiOjI0MDAwMDAwMDAwMDAsInVwZGF0ZSI6MjQwMDAwMDAwMDAwMH0sInNjaGVtYV92ZXJzaW9uIjoiMSJ9",
          "dependencies": [
            "google_compute_network.vpc_network_gke",
            "google_compute_subnetwork.gke-subnet"
          ]
        }
      ]
    },
    {
      "mode": "managed",
      "type": "kubernetes_namespace",
      "name": "dev-namespace",
      "provider": "provider[\"registry.terraform.io/hashicorp/kubernetes\"]",
      "instances": [
        {
          "schema_version": 0,
          "attributes": {
            "id": "dev-namespace",
            "metadata": [
              {
                "annotations": {
                  "name": "dev-namespace"
                },
                "generate_name": "",
                "generation": 0,
                "labels": {
                  "namespace": "dev"
                },
                "name": "dev-namespace",
                "resource_version": "1022",
                "uid": "6201b302-93b8-4d7e-9f0c-11bfaa532729"
              }
            ],
            "timeouts": null
          },
          "sensitive_attributes": [],
          "private": "eyJlMmJmYjczMC1lY2FhLTExZTYtOGY4OC0zNDM2M2JjN2M0YzAiOnsiZGVsZXRlIjozMDAwMDAwMDAwMDB9fQ==",
          "dependencies": [
            "data.google_client_config.default",
            "google_compute_network.vpc_network_gke",
            "google_compute_subnetwork.gke-subnet",
            "google_container_cluster.primary"
          ]
        }
      ]
    },
    {
      "mode": "managed",
      "type": "kubernetes_namespace",
      "name": "development",
      "provider": "provider[\"registry.terraform.io/hashicorp/kubernetes\"]",
      "instances": [
        {
          "schema_version": 0,
          "attributes": {
            "id": "development",
            "metadata": [
              {
                "annotations": null,
                "generate_name": "",
                "generation": 0,
                "labels": {
                  "env": "dev"
                },
                "name": "development",
                "resource_version": "1024",
                "uid": "41c5f1b8-3ff1-4f08-9f25-b5a1756e5476"
              }
            ],
            "timeouts": null
          },
          "sensitive_attributes": [],
          "private": "eyJlMmJmYjczMC1lY2FhLTExZTYtOGY4OC0zNDM2M2JjN2M0YzAiOnsiZGVsZXRlIjozMDAwMDAwMDAwMDB9fQ==",
          "dependencies": [
            "data.google_client_config.default",
            "google_compute_network.vpc_network_gke",
            "google_compute_subnetwork.gke-subnet",
            "google_container_cluster.primary"
          ]
        }
      ]
    },
    {
      "mode": "managed",
      "type": "kubernetes_namespace",
      "name": "production",
      "provider": "provider[\"registry.terraform.io/hashicorp/kubernetes\"]",
      "instances": [
        {
          "schema_version": 0,
          "attributes": {
            "id": "production",
            "metadata": [
              {
                "annotations": null,
                "generate_name": "",
                "generation": 0,
                "labels": {
                  "env": "prod"
                },
                "name": "production",
                "resource_version": "1026",
                "uid": "06a39a14-0842-4aec-a1a3-1a1b84c06df0"
              }
            ],
            "timeouts": null
          },
          "sensitive_attributes": [],
          "private": "eyJlMmJmYjczMC1lY2FhLTExZTYtOGY4OC0zNDM2M2JjN2M0YzAiOnsiZGVsZXRlIjozMDAwMDAwMDAwMDB9fQ==",
          "dependencies": [
            "data.google_client_config.default",
            "google_compute_network.vpc_network_gke",
            "google_compute_subnetwork.gke-subnet",
            "google_container_cluster.primary"
          ]
        }
      ]
    },
    {
      "mode": "managed",
      "type": "kubernetes_namespace",
      "name": "staging",
      "provider": "provider[\"registry.terraform.io/hashicorp/kubernetes\"]",
      "instances": [
        {
          "schema_version": 0,
          "attributes": {
            "id": "staging",
            "metadata": [
              {
                "annotations": null,
                "generate_name": "",
                "generation": 0,
                "labels": {
                  "env": "stg"
                },
                "name": "staging",
                "resource_version": "1029",
                "uid": "560d0d54-47bf-476f-b9d2-ded22c7ec7a1"
              }
            ],
            "timeouts": null
          },
          "sensitive_attributes": [],
          "private": "eyJlMmJmYjczMC1lY2FhLTExZTYtOGY4OC0zNDM2M2JjN2M0YzAiOnsiZGVsZXRlIjozMDAwMDAwMDAwMDB9fQ==",
          "dependencies": [
            "data.google_client_config.default",
            "google_compute_network.vpc_network_gke",
            "google_compute_subnetwork.gke-subnet",
            "google_container_cluster.primary"
          ]
        }
      ]
    }
  ]
}
