{
  "version": 4,
  "terraform_version": "1.1.6",
  "serial": 58,
  "lineage": "fbef85bf-7444-dbc4-1177-5568fd5dcbee",
  "outputs": {},
  "resources": [
    {
      "mode": "data",
      "type": "google_client_config",
      "name": "default",
      "provider": "provider[\"registry.terraform.io/hashicorp/google\"]",
      "instances": [
        {
          "schema_version": 0,
          "attributes": {
            "access_token": "ya29.A0ARrdaM_9SqEXCpOE2Q3Pdsd6txLHrM-6ThFbE0F4jgFhuUP4Iqpw_k7ebk8ZUly6F3sA0mpcxgx0MeD3k0VPdGgce185ioK0ymdShcU57P0ttWjYum3YSrPMUhWXtsTXILcZIFv0N3RRUfDQ_JuyQPdkrHy2HsjM0xsGPg",
            "id": "projects/test-project-ws-342013/regions/us-central1/zones/",
            "project": "test-project-ws-342013",
            "region": "us-central1",
            "zone": ""
          },
          "sensitive_attributes": []
        }
      ]
    },
    {
      "mode": "managed",
      "type": "google_compute_network",
      "name": "vpc_network_gke",
      "provider": "provider[\"registry.terraform.io/hashicorp/google\"]",
      "instances": [
        {
          "schema_version": 0,
          "attributes": {
            "auto_create_subnetworks": false,
            "delete_default_routes_on_create": false,
            "description": "",
            "gateway_ipv4": "",
            "id": "projects/test-project-ws-342013/global/networks/gke-vpc",
            "mtu": 0,
            "name": "gke-vpc",
            "project": "test-project-ws-342013",
            "routing_mode": "REGIONAL",
            "self_link": "https://www.googleapis.com/compute/v1/projects/test-project-ws-342013/global/networks/gke-vpc",
            "timeouts": null
          },
          "sensitive_attributes": [],
          "private": "eyJlMmJmYjczMC1lY2FhLTExZTYtOGY4OC0zNDM2M2JjN2M0YzAiOnsiY3JlYXRlIjoxMjAwMDAwMDAwMDAwLCJkZWxldGUiOjEyMDAwMDAwMDAwMDAsInVwZGF0ZSI6MTIwMDAwMDAwMDAwMH19"
        }
      ]
    },
    {
      "mode": "managed",
      "type": "google_compute_subnetwork",
      "name": "gke-subnet",
      "provider": "provider[\"registry.terraform.io/hashicorp/google\"]",
      "instances": [
        {
          "schema_version": 0,
          "attributes": {
            "creation_timestamp": "2022-03-01T04:58:59.785-08:00",
            "description": "",
            "external_ipv6_prefix": "",
            "fingerprint": null,
            "gateway_address": "10.2.0.1",
            "id": "projects/test-project-ws-342013/regions/us-central1/subnetworks/gke-vpc-subnet",
            "ip_cidr_range": "10.2.0.0/16",
            "ipv6_access_type": "",
            "ipv6_cidr_range": "",
            "log_config": [],
            "name": "gke-vpc-subnet",
            "network": "https://www.googleapis.com/compute/v1/projects/test-project-ws-342013/global/networks/gke-vpc",
            "private_ip_google_access": false,
            "private_ipv6_google_access": "DISABLE_GOOGLE_ACCESS",
            "project": "test-project-ws-342013",
            "purpose": "PRIVATE",
            "region": "us-central1",
            "role": "",
            "secondary_ip_range": [],
            "self_link": "https://www.googleapis.com/compute/v1/projects/test-project-ws-342013/regions/us-central1/subnetworks/gke-vpc-subnet",
            "stack_type": "IPV4_ONLY",
            "timeouts": null
          },
          "sensitive_attributes": [],
          "private": "eyJlMmJmYjczMC1lY2FhLTExZTYtOGY4OC0zNDM2M2JjN2M0YzAiOnsiY3JlYXRlIjoxMjAwMDAwMDAwMDAwLCJkZWxldGUiOjEyMDAwMDAwMDAwMDAsInVwZGF0ZSI6MTIwMDAwMDAwMDAwMH19",
          "dependencies": [
            "google_compute_network.vpc_network_gke"
          ]
        }
      ]
    },
    {
      "mode": "managed",
      "type": "google_container_cluster",
      "name": "primary",
      "provider": "provider[\"registry.terraform.io/hashicorp/google\"]",
      "instances": [
        {
          "schema_version": 1,
          "attributes": {
            "addons_config": [
              {
                "cloudrun_config": [],
                "gcp_filestore_csi_driver_config": [],
                "horizontal_pod_autoscaling": [],
                "http_load_balancing": [],
                "network_policy_config": [
                  {
                    "disabled": true
                  }
                ]
              }
            ],
            "authenticator_groups_config": [],
            "cluster_autoscaling": [
              {
                "auto_provisioning_defaults": [
                  {
                    "image_type": "COS_CONTAINERD",
                    "oauth_scopes": [
                      "https://www.googleapis.com/auth/logging.write",
                      "https://www.googleapis.com/auth/monitoring"
                    ],
                    "service_account": "default"
                  }
                ],
                "enabled": true,
                "resource_limits": [
                  {
                    "maximum": 6,
                    "minimum": 1,
                    "resource_type": "cpu"
                  },
                  {
                    "maximum": 16,
                    "minimum": 4,
                    "resource_type": "memory"
                  }
                ]
              }
            ],
            "cluster_ipv4_cidr": "10.20.0.0/14",
            "confidential_nodes": [],
            "database_encryption": [
              {
                "key_name": "",
                "state": "DECRYPTED"
              }
            ],
            "datapath_provider": "",
            "default_max_pods_per_node": null,
            "default_snat_status": [
              {
                "disabled": false
              }
            ],
            "description": "",
            "dns_config": [],
            "enable_autopilot": false,
            "enable_binary_authorization": false,
            "enable_intranode_visibility": false,
            "enable_kubernetes_alpha": false,
            "enable_legacy_abac": false,
            "enable_shielded_nodes": true,
            "enable_tpu": false,
            "endpoint": "34.67.255.130",
            "id": "projects/test-project-ws-342013/locations/us-central1-a/clusters/gke-test-cluster",
            "initial_node_count": 3,
            "ip_allocation_policy": [],
            "label_fingerprint": "a9dc16a7",
            "location": "us-central1-a",
            "logging_config": [
              {
                "enable_components": [
                  "SYSTEM_COMPONENTS",
                  "WORKLOADS"
                ]
              }
            ],
            "logging_service": "logging.googleapis.com/kubernetes",
            "maintenance_policy": [],
            "master_auth": [
              {
                "client_certificate": "LS0tLS1CRUdJTiBDRVJUSUZJQ0FURS0tLS0tCk1JSURvVENDQWdtZ0F3SUJBZ0lSQU05amxFbHJLS3hNZUJrSWJ4YWVBMjh3RFFZSktvWklodmNOQVFFTEJRQXcKTHpFdE1Dc0dBMVVFQXhNa1pXRXdaRFZtTnprdE5EZzROQzAwWW1aakxXRmlNRGN0TVdRME4yRXhZalkzTVdRNApNQjRYRFRJeU1ETXdNVEV5TlRreU0xb1hEVEkzTURJeU9ERXlOVGt5TTFvd0VURVBNQTBHQTFVRUF4TUdZMnhwClpXNTBNSUlCSWpBTkJna3Foa2lHOXcwQkFRRUZBQU9DQVE4QU1JSUJDZ0tDQVFFQXBINkNzeWdwYkJodE5mb0EKS0g1L3pUdlNPZnRMQ1hLMks5djZOdDlxY0FZNGRRV3FyL2FJNzRtNDV6RUZ0SzVyZlpWN1hPOGY3aE5kWjRwMAovc1UxOVEyYUJDS1hqemtDWXhQbXVIVit4S0c2NkUrL1YySUNXd0dKV3lzQzlBQ3BlbkxqRWo5ZzZsdFIvVDFmCmFkcGlCMUZzTGFDYWltcGJSOTdGMkJvbytGSVp2K3d5c2pnYW96R1JxUWNkd3prM2xLbVFZR0p0T3VkRy9zOVEKSFd1Z3BXaUFCWnRsRE1FbXo4MUQycW45OEZjM0UzdG9SaXRPTDFPdDlWUmxZLzVKVUkzVXdqMXEraUlWN2JTaQoyZFlPcWhSYy9vVnh2ekhCTTdYeXVjOGFZb0M2dnd5WFh0a3FOZDUrdzF6ZEV0czNYVzlWcUFyT1RKcmhxU3V4CmczM0x3d0lEQVFBQm8xWXdWREFPQmdOVkhROEJBZjhFQkFNQ0JhQXdFd1lEVlIwbEJBd3dDZ1lJS3dZQkJRVUgKQXdJd0RBWURWUjBUQVFIL0JBSXdBREFmQmdOVkhTTUVHREFXZ0JSVGF4dm51aWdMQy9PSzdPNHZ5WEVFMityVwp3ekFOQmdrcWhraUc5dzBCQVFzRkFBT0NBWUVBQWFySFNNWVpSMFlHZDZ5blBFTkR3M1Z2aFdxL3hid09tblg3CnFTVlNLNWlraVZIOEVtZFFRRFNBNmhjRVlUcVZoRUFpa2JWVWV5TE9NTmlQaXd1dDZyWjhTMWNvYTNTTlhCakMKOVRrRWFILyt6S2VPTUFTN3VQYysvZnRYcEJRVXpXdHNTejNYTWVoRUlXZkNBSjVNcjc5M2dmQnRRSXVrdG5rSAo1YmJQN29uL3dVSk9UYjNaZjJzY2c4RTlpRnFHYWRMY3AvV003RFBydFpHTjNxQlpVR01waTNkSGJSOStFUmUvCjNkZHcwTjlPVWV3ejJkYnJpcGg3dU1URXRvRkR5d2FqM05qTGI0YmFLbTlVOVNnSFlTdmd1RHlkSng4OFZ3QmYKY0hyTi94QzE2aDZQOU5xWCtVNGVIQzh5dXJIQW5NRDVVOU9LcFlLdFY0OERLMll1dlZHMzFkM3BRWGQ0bFZTbwp6RlIzcjkvdUYzNU9kNXdRZno4SnFSTkNYQ0xEcmlsVi8vWUhxQ2R0ZVFQVWkxREx3V0FZSWJHSS8rVVZLSDNCCkJGajYwdUhGSnNUQjUzV2wwdSsxeE0zQzJlTVJKUjNHMUZtbCtFc29tMkdmVGVJeXV4b0U5N00zSVBuZzdMSWMKUmZrb0NmeWZHa1hTSjE0U1g1UGtqWVRGdWE2WAotLS0tLUVORCBDRVJUSUZJQ0FURS0tLS0tCg==",
                "client_certificate_config": [
                  {
                    "issue_client_certificate": true
                  }
                ],
                "client_key": "LS0tLS1CRUdJTiBSU0EgUFJJVkFURSBLRVktLS0tLQpNSUlFb3dJQkFBS0NBUUVBcEg2Q3N5Z3BiQmh0TmZvQUtINS96VHZTT2Z0TENYSzJLOXY2TnQ5cWNBWTRkUVdxCnIvYUk3NG00NXpFRnRLNXJmWlY3WE84ZjdoTmRaNHAwL3NVMTlRMmFCQ0tYanprQ1l4UG11SFYreEtHNjZFKy8KVjJJQ1d3R0pXeXNDOUFDcGVuTGpFajlnNmx0Ui9UMWZhZHBpQjFGc0xhQ2FpbXBiUjk3RjJCb28rRkladit3eQpzamdhb3pHUnFRY2R3emszbEttUVlHSnRPdWRHL3M5UUhXdWdwV2lBQlp0bERNRW16ODFEMnFuOThGYzNFM3RvClJpdE9MMU90OVZSbFkvNUpVSTNVd2oxcStpSVY3YlNpMmRZT3FoUmMvb1Z4dnpIQk03WHl1YzhhWW9DNnZ3eVgKWHRrcU5kNSt3MXpkRXRzM1hXOVZxQXJPVEpyaHFTdXhnMzNMd3dJREFRQUJBb0lCQUFYWFQ0a21Gc1oxc3V4cQpRQXd3RUd0aUZ1dk9mbWZMcGlnTGk5TXhWQm05N0NPaVVRdlE0TTd2WUlkUkhkSHJLYVQ2encwZlEva3BGZUFzCmgwMVpXbVQ2YlNyU3dhS3BLYit6NnJXZEhTUndBUm8rWkFoL0owbnRBRFYzdUZ5Z0UyU1E1TkJMNWkzeGtvbEEKQ2RNbW1UbUhvaVJDb2pUaVpFaGxPRGhJRnR3RHhrM09pTDVnWWIvZGgzeHg3Y0xBTDJDMklqdDhhSjZycm04Two5dy9QcmRuRHFLMlFLajdGbEs5dEROMzhjblRmMGFuTEpzcHBMZVZPMkN0NUFDTVgrVk9ud3BOSEMrdVZWRlpuCllEelk2SUFRSzJjK29OZk1LTVhtd1VOVit6amZkOWQ0Mk00bVVLckhlRk9iRTQvcGV3R3MzRjNlbTVpNmtyYWoKbkFRU1ptRUNnWUVBNStlUkJWREs5VWRUa1l4ZVNzR2dRVEEweWRZRlFhQzJYM2M5WVB1bm9aVFNQSVl1TXpJMwp5cUtscmtYTjNMNktMQUU1V1RSS2pUY2pYYTNVWlhyUzk1cUxTN2ExWEVLUDNUaGpBY0NzT3ZkTkRSc2laMjN3CnEvWHZwRmh0SEkwWDdNVHBNMmw5a0JzOXdLZWJyWk9BV0N0clFoSnoyZXdST0l2S1NrRTc4YU1DZ1lFQXRaWGsKNzBZMFkwaG0vY2xOcVphRGVxRTdqNCs5R2ZURDd0WThHVUJ5NTZQVDMzRXVDVWwrNmhCVFk1azV1MTR0RGg3cApJUDVwRFkxK2ZqQ1pwOGxVTWQ1ZlIrWk11WVd4YjFyb2JqdXJxdi9vK2k5NFh5T3hqaXEwT3BzdWpzeXl0RkRiClFHMWNMQkgrNmVIUG5VaWtJRFdrY055UVpRcExJUTFJdzNXeG4yRUNnWUFzVm5mQm5tclBibTJwM0Q2QzZIWXQKUUh3M1FyWUtrQ0dPS3d3UEtNNHA5SHdsbWpubkMramkweW4rSWRaMEovSGU2L1Q4K3lSdHoyYnhtRFNObW1nUApjdnJDNVJIVHE5NDVtM2hDYzRYNldDSGhLWmp3VVhLOFRlOGRhdEtock5Bd01vMnJpTFc3QVpwUzVUaThmUUVDCjJucE5UWjNjd21lZ2VnbVpITlBMSlFLQmdRQ1hsWUxnYjdYSjc2WHlVL3FlQ0lUSGVSTVVmQVI3UjRYTXVsQy8KTDdyOFBobmZuRWEzQUFDUGVvTnlVSFlPUU1iUjArSC9aZ0hpaTJ5K0FPbzBVL0FTRlRWcSt3aXZrcmlWWWNsSQpSRTNCV1JKdXovUG5VQStudzJSaXpDcW9rSjdad2VuVnRiVk5JTlN3LzQxbUdqN1FtSmNtbENtQi8zN0tINkhQCmNVK080UUtCZ0dpSWx6K1lhVXVhUjFueUtFbkVXbnZtYVM4aksyOWlTdHdKcGV2eVJ6NENYR3QvVWpGY1R1U2kKVUJmZ1JXLzJVZnFvNVkzcmh1U2NHMXlhNCtFRVZCZExJc0VudXBWbUFzNUpKRUlMVXpoK0dIUnU2bmhjdW9rNwpoVFpZQmVBMXVuNnowQmtTM1liOE5BN2p0VmEzczZkSUprMlFsWTZUcXhCYzNlcVNjQWRWCi0tLS0tRU5EIFJTQSBQUklWQVRFIEtFWS0tLS0tCg==",
                "cluster_ca_certificate": "LS0tLS1CRUdJTiBDRVJUSUZJQ0FURS0tLS0tCk1JSUVMRENDQXBTZ0F3SUJBZ0lRTGMyem9teUtTdzV4UVUzbnltUzRlREFOQmdrcWhraUc5dzBCQVFzRkFEQXYKTVMwd0t3WURWUVFERXlSbFlUQmtOV1kzT1MwME9EZzBMVFJpWm1NdFlXSXdOeTB4WkRRM1lURmlOamN4WkRndwpJQmNOTWpJd016QXhNVEUxT1RJeVdoZ1BNakExTWpBeU1qSXhNalU1TWpKYU1DOHhMVEFyQmdOVkJBTVRKR1ZoCk1HUTFaamM1TFRRNE9EUXROR0ptWXkxaFlqQTNMVEZrTkRkaE1XSTJOekZrT0RDQ0FhSXdEUVlKS29aSWh2Y04KQVFFQkJRQURnZ0dQQURDQ0FZb0NnZ0dCQUszczdRZFd4T2JQdFAyanFjbFJ2NzZzRHZUTUhndWpTOGxUYzd0WApKZE9XOXhrUDVsR0pSZmNGMTU0NmFieFJqajkwOGRxMkR0WWxlUVNiMjROV1NzSEJzU3UyWStFanMvS2NZb3pUClNhZjRSQTZsRjQraDJmRjhHOXFkcmkxWlVPWGs2eDZMOWNyWnQ0bWRqYS83QnArYU5hMjNmbE9UNFVRSHNLN28KZ0MyMWJEbHk0UDRWZHpycXNKdlFremFmMWVHWll4RkhMYWpXanpqa3VudmF5Um54ZU82ZGluN0dYSzdtSFVmVwpmNnlGSFh3VjJwYk1qdk9MaVZyeVJmTDBNWFZnV3RXalQ5YVdRbXBpQlEwN2ZqNWh4ZVdtUEkrRXRPUVBGRTc3CjhleGhlTU94dk5nTXMvemFSZFJhUHltR1grVWZVam5JalRWZk1HWUxnenNvcEtabjdUMlpsVjFMcVJOdzlvMm4KZy9DUWlHTUtEUkVJYlREbzlER3JOU2IxelZ4TjF6aFVldld2LzBoM0lUOEZBNDE2ZnhDQlJyL1hCd2NheVd3Mgozc0xxOFM2M3RKeFY5ajdEdGVPRmRUajUyY2h4bnJRQUY5WVZXeWo5VVdYa0dvd1I4WUYyMG4rK3hwSW5DQmVECitVWSswa0lYdUNtcEJXQ29ualN0dHNWV25RSURBUUFCbzBJd1FEQU9CZ05WSFE4QkFmOEVCQU1DQWdRd0R3WUQKVlIwVEFRSC9CQVV3QXdFQi96QWRCZ05WSFE0RUZnUVVVMnNiNTdvb0N3dnppdXp1TDhseEJOdnExc013RFFZSgpLb1pJaHZjTkFRRUxCUUFEZ2dHQkFFNy9HUnVWM1lXVHVibE1vQ1hLVDRiTmFWR2FZQ2oyZ0hoSURPMHBRajVjCnZtKzdXV3VVai9JQ2hHUk5TNkVOQzVLaEowMnd0d3FtcEdDS1d2QnJzVW1tSWNTRHBSSUFWQTFKTWttTXAzTVAKU0VFaGVLK2ZHcjA0L3locEMrUC9nUGVoUGJ6OUJDQm5WYTQwRFM4Q0IzdlFna2FUSGxsa3NGekFIcHAwY0FSLwp4REZnbmxkUFlaTFh5ZHp3MExGdmxod0VnY1ZkalI4bXB0a0M1akp4RVJ0cWRJY3JCc3JWNlhEMGpLY0NTM01OCnpLLzdTamh1SFF2YkpLYk9YYWhkZEhaL2NCdWk4TDVDZXVPK2dRcTFRNEdJakVySExnQXhrUlRPa2Q0RnN3ZHoKRThkeitaWDM5NHU2QVZ0SURhN1R4cklINHBiT3FZcTU3RzJ6S3FpazNFWUpEWnQ0UVVmWVBqVGwzdmgzY3dQRgpoWUdBQjdub2NWeGppTnAyOTBpVDN2d1pHamRjUElvMUEvMTlPMEVCRW1rN3NJamUyb3N2dWF5WDF5bm1nOER1Clk1YkZWeXBkaFR5WHVvc3BOVXJEZFdXQ3VFZURBbWxhSTZHalc1dS9iV210MnRyUG8xTUxETHRtVWw2bkJqWlMKOHViTkU5dUZudHZwODk5Q2ZJeEdhQT09Ci0tLS0tRU5EIENFUlRJRklDQVRFLS0tLS0K"
              }
            ],
            "master_authorized_networks_config": [],
            "master_version": "1.21.6-gke.1500",
            "min_master_version": null,
            "monitoring_config": [
              {
                "enable_components": [
                  "SYSTEM_COMPONENTS"
                ]
              }
            ],
            "monitoring_service": "monitoring.googleapis.com/kubernetes",
            "name": "gke-test-cluster",
            "network": "projects/test-project-ws-342013/global/networks/gke-vpc",
            "network_policy": [
              {
                "enabled": false,
                "provider": "PROVIDER_UNSPECIFIED"
              }
            ],
            "networking_mode": "ROUTES",
            "node_config": [
              {
                "boot_disk_kms_key": "",
                "disk_size_gb": 100,
                "disk_type": "pd-standard",
                "gcfs_config": [],
                "guest_accelerator": [],
                "image_type": "COS_CONTAINERD",
                "labels": {
                  "foo": "bar"
                },
                "local_ssd_count": 0,
                "machine_type": "g1-small",
                "metadata": {
                  "disable-legacy-endpoints": "true"
                },
                "min_cpu_platform": "",
                "node_group": "",
                "oauth_scopes": [
                  "https://www.googleapis.com/auth/cloud-platform"
                ],
                "preemptible": true,
                "service_account": "default",
                "shielded_instance_config": [
                  {
                    "enable_integrity_monitoring": true,
                    "enable_secure_boot": false
                  }
                ],
                "tags": [
                  "foo",
                  "bar"
                ],
                "taint": [],
                "workload_metadata_config": []
              }
            ],
            "node_locations": [],
            "node_pool": [
              {
                "autoscaling": [],
                "initial_node_count": 3,
                "instance_group_urls": [
                  "https://www.googleapis.com/compute/v1/projects/test-project-ws-342013/zones/us-central1-a/instanceGroupManagers/gke-gke-test-cluster-default-pool-d7464d39-grp"
                ],
                "managed_instance_group_urls": [
                  "https://www.googleapis.com/compute/v1/projects/test-project-ws-342013/zones/us-central1-a/instanceGroups/gke-gke-test-cluster-default-pool-d7464d39-grp"
                ],
                "management": [
                  {
                    "auto_repair": true,
                    "auto_upgrade": true
                  }
                ],
                "max_pods_per_node": 0,
                "name": "default-pool",
                "name_prefix": "",
                "node_config": [
                  {
                    "boot_disk_kms_key": "",
                    "disk_size_gb": 100,
                    "disk_type": "pd-standard",
                    "gcfs_config": [],
                    "guest_accelerator": [],
                    "image_type": "COS_CONTAINERD",
                    "labels": {
                      "foo": "bar"
                    },
                    "local_ssd_count": 0,
                    "machine_type": "g1-small",
                    "metadata": {
                      "disable-legacy-endpoints": "true"
                    },
                    "min_cpu_platform": "",
                    "node_group": "",
                    "oauth_scopes": [
                      "https://www.googleapis.com/auth/cloud-platform"
                    ],
                    "preemptible": true,
                    "service_account": "default",
                    "shielded_instance_config": [
                      {
                        "enable_integrity_monitoring": true,
                        "enable_secure_boot": false
                      }
                    ],
                    "tags": [
                      "foo",
                      "bar"
                    ],
                    "taint": [],
                    "workload_metadata_config": []
                  }
                ],
                "node_count": 3,
                "node_locations": [
                  "us-central1-a"
                ],
                "upgrade_settings": [
                  {
                    "max_surge": 1,
                    "max_unavailable": 0
                  }
                ],
                "version": "1.21.6-gke.1500"
              }
            ],
            "node_version": "1.21.6-gke.1500",
            "operation": null,
            "private_cluster_config": [],
            "private_ipv6_google_access": "",
            "project": "test-project-ws-342013",
            "release_channel": [
              {
                "channel": "REGULAR"
              }
            ],
            "remove_default_node_pool": null,
            "resource_labels": null,
            "resource_usage_export_config": [],
            "self_link": "https://container.googleapis.com/v1/projects/test-project-ws-342013/zones/us-central1-a/clusters/gke-test-cluster",
            "services_ipv4_cidr": "10.23.240.0/20",
            "subnetwork": "projects/test-project-ws-342013/regions/us-central1/subnetworks/gke-vpc-subnet",
            "timeouts": {
              "create": "30m",
              "delete": null,
              "read": null,
              "update": "40m"
            },
            "tpu_ipv4_cidr_block": "",
            "vertical_pod_autoscaling": [],
            "workload_identity_config": []
          },
          "sensitive_attributes": [],
          "private": "eyJlMmJmYjczMC1lY2FhLTExZTYtOGY4OC0zNDM2M2JjN2M0YzAiOnsiY3JlYXRlIjoxODAwMDAwMDAwMDAwLCJkZWxldGUiOjI0MDAwMDAwMDAwMDAsInJlYWQiOjI0MDAwMDAwMDAwMDAsInVwZGF0ZSI6MjQwMDAwMDAwMDAwMH0sInNjaGVtYV92ZXJzaW9uIjoiMSJ9",
          "dependencies": [
            "google_compute_network.vpc_network_gke",
            "google_compute_subnetwork.gke-subnet"
          ]
        }
      ]
    },
    {
      "mode": "managed",
      "type": "kubernetes_namespace",
      "name": "dev-namespace",
      "provider": "provider[\"registry.terraform.io/hashicorp/kubernetes\"]",
      "instances": [
        {
          "schema_version": 0,
          "attributes": {
            "id": "dev-namespace",
            "metadata": [
              {
                "annotations": {
                  "name": "dev-namespace"
                },
                "generate_name": "",
                "generation": 0,
                "labels": {
                  "namespace": "dev"
                },
                "name": "dev-namespace",
                "resource_version": "1083",
                "uid": "55a0ee02-27e3-4767-9d83-22319f6da1d0"
              }
            ],
            "timeouts": null
          },
          "sensitive_attributes": [],
          "private": "eyJlMmJmYjczMC1lY2FhLTExZTYtOGY4OC0zNDM2M2JjN2M0YzAiOnsiZGVsZXRlIjozMDAwMDAwMDAwMDB9fQ==",
          "dependencies": [
            "data.google_client_config.default",
            "google_compute_network.vpc_network_gke",
            "google_compute_subnetwork.gke-subnet",
            "google_container_cluster.primary"
          ]
        }
      ]
    },
    {
      "mode": "managed",
      "type": "kubernetes_namespace",
      "name": "development",
      "provider": "provider[\"registry.terraform.io/hashicorp/kubernetes\"]",
      "instances": [
        {
          "schema_version": 0,
          "attributes": {
            "id": "development",
            "metadata": [
              {
                "annotations": null,
                "generate_name": "",
                "generation": 0,
                "labels": {
                  "env": "dev"
                },
                "name": "development",
                "resource_version": "1085",
                "uid": "6575a5cc-48df-4319-be92-71e4a273749b"
              }
            ],
            "timeouts": null
          },
          "sensitive_attributes": [],
          "private": "eyJlMmJmYjczMC1lY2FhLTExZTYtOGY4OC0zNDM2M2JjN2M0YzAiOnsiZGVsZXRlIjozMDAwMDAwMDAwMDB9fQ==",
          "dependencies": [
            "data.google_client_config.default",
            "google_compute_network.vpc_network_gke",
            "google_compute_subnetwork.gke-subnet",
            "google_container_cluster.primary"
          ]
        }
      ]
    },
    {
      "mode": "managed",
      "type": "kubernetes_namespace",
      "name": "production",
      "provider": "provider[\"registry.terraform.io/hashicorp/kubernetes\"]",
      "instances": [
        {
          "schema_version": 0,
          "attributes": {
            "id": "production",
            "metadata": [
              {
                "annotations": null,
                "generate_name": "",
                "generation": 0,
                "labels": {
                  "env": "prod"
                },
                "name": "production",
                "resource_version": "1082",
                "uid": "a706f268-5fcd-4e61-9e4f-f3b02f5a0d30"
              }
            ],
            "timeouts": null
          },
          "sensitive_attributes": [],
          "private": "eyJlMmJmYjczMC1lY2FhLTExZTYtOGY4OC0zNDM2M2JjN2M0YzAiOnsiZGVsZXRlIjozMDAwMDAwMDAwMDB9fQ==",
          "dependencies": [
            "data.google_client_config.default",
            "google_compute_network.vpc_network_gke",
            "google_compute_subnetwork.gke-subnet",
            "google_container_cluster.primary"
          ]
        }
      ]
    },
    {
      "mode": "managed",
      "type": "kubernetes_namespace",
      "name": "staging",
      "provider": "provider[\"registry.terraform.io/hashicorp/kubernetes\"]",
      "instances": [
        {
          "schema_version": 0,
          "attributes": {
            "id": "staging",
            "metadata": [
              {
                "annotations": null,
                "generate_name": "",
                "generation": 0,
                "labels": {
                  "env": "stg"
                },
                "name": "staging",
                "resource_version": "1087",
                "uid": "ce81a020-162c-43c3-8fcb-17771a0f2840"
              }
            ],
            "timeouts": null
          },
          "sensitive_attributes": [],
          "private": "eyJlMmJmYjczMC1lY2FhLTExZTYtOGY4OC0zNDM2M2JjN2M0YzAiOnsiZGVsZXRlIjozMDAwMDAwMDAwMDB9fQ==",
          "dependencies": [
            "data.google_client_config.default",
            "google_compute_network.vpc_network_gke",
            "google_compute_subnetwork.gke-subnet",
            "google_container_cluster.primary"
          ]
        }
      ]
    }
  ]
}
