{
  "version": 4,
  "terraform_version": "1.1.6",
  "serial": 24,
  "lineage": "fbef85bf-7444-dbc4-1177-5568fd5dcbee",
  "outputs": {},
  "resources": [
    {
      "mode": "managed",
      "type": "google_compute_network",
      "name": "vpc_network_gke",
      "provider": "provider[\"registry.terraform.io/hashicorp/google\"]",
      "instances": [
        {
          "schema_version": 0,
          "attributes": {
            "auto_create_subnetworks": false,
            "delete_default_routes_on_create": false,
            "description": "",
            "gateway_ipv4": "",
            "id": "projects/test-project-ws-342013/global/networks/gke-vpc",
            "mtu": 0,
            "name": "gke-vpc",
            "project": "test-project-ws-342013",
            "routing_mode": "REGIONAL",
            "self_link": "https://www.googleapis.com/compute/v1/projects/test-project-ws-342013/global/networks/gke-vpc",
            "timeouts": null
          },
          "sensitive_attributes": [],
          "private": "eyJlMmJmYjczMC1lY2FhLTExZTYtOGY4OC0zNDM2M2JjN2M0YzAiOnsiY3JlYXRlIjoxMjAwMDAwMDAwMDAwLCJkZWxldGUiOjEyMDAwMDAwMDAwMDAsInVwZGF0ZSI6MTIwMDAwMDAwMDAwMH19"
        }
      ]
    },
    {
      "mode": "managed",
      "type": "google_compute_network",
      "name": "vpc_network_redis",
      "provider": "provider[\"registry.terraform.io/hashicorp/google\"]",
      "instances": [
        {
          "schema_version": 0,
          "attributes": {
            "auto_create_subnetworks": false,
            "delete_default_routes_on_create": false,
            "description": "",
            "gateway_ipv4": "",
            "id": "projects/test-project-ws-342013/global/networks/redis-vpc",
            "mtu": 0,
            "name": "redis-vpc",
            "project": "test-project-ws-342013",
            "routing_mode": "REGIONAL",
            "self_link": "https://www.googleapis.com/compute/v1/projects/test-project-ws-342013/global/networks/redis-vpc",
            "timeouts": null
          },
          "sensitive_attributes": [],
          "private": "eyJlMmJmYjczMC1lY2FhLTExZTYtOGY4OC0zNDM2M2JjN2M0YzAiOnsiY3JlYXRlIjoxMjAwMDAwMDAwMDAwLCJkZWxldGUiOjEyMDAwMDAwMDAwMDAsInVwZGF0ZSI6MTIwMDAwMDAwMDAwMH19"
        }
      ]
    },
    {
      "mode": "managed",
      "type": "google_compute_subnetwork",
      "name": "gke-subnet",
      "provider": "provider[\"registry.terraform.io/hashicorp/google\"]",
      "instances": [
        {
          "schema_version": 0,
          "attributes": {
            "creation_timestamp": "2022-02-28T03:51:33.915-08:00",
            "description": "",
            "external_ipv6_prefix": "",
            "fingerprint": null,
            "gateway_address": "10.2.0.1",
            "id": "projects/test-project-ws-342013/regions/us-central1/subnetworks/gke-vpc-subnet",
            "ip_cidr_range": "10.2.0.0/16",
            "ipv6_access_type": "",
            "ipv6_cidr_range": "",
            "log_config": [],
            "name": "gke-vpc-subnet",
            "network": "https://www.googleapis.com/compute/v1/projects/test-project-ws-342013/global/networks/gke-vpc",
            "private_ip_google_access": false,
            "private_ipv6_google_access": "DISABLE_GOOGLE_ACCESS",
            "project": "test-project-ws-342013",
            "purpose": "PRIVATE",
            "region": "us-central1",
            "role": "",
            "secondary_ip_range": [],
            "self_link": "https://www.googleapis.com/compute/v1/projects/test-project-ws-342013/regions/us-central1/subnetworks/gke-vpc-subnet",
            "stack_type": "IPV4_ONLY",
            "timeouts": null
          },
          "sensitive_attributes": [],
          "private": "eyJlMmJmYjczMC1lY2FhLTExZTYtOGY4OC0zNDM2M2JjN2M0YzAiOnsiY3JlYXRlIjoxMjAwMDAwMDAwMDAwLCJkZWxldGUiOjEyMDAwMDAwMDAwMDAsInVwZGF0ZSI6MTIwMDAwMDAwMDAwMH19",
          "dependencies": [
            "google_compute_network.vpc_network_gke"
          ]
        }
      ]
    },
    {
      "mode": "managed",
      "type": "google_compute_subnetwork",
      "name": "redis-subnet",
      "provider": "provider[\"registry.terraform.io/hashicorp/google\"]",
      "instances": [
        {
          "schema_version": 0,
          "attributes": {
            "creation_timestamp": "2022-02-28T03:51:34.050-08:00",
            "description": "",
            "external_ipv6_prefix": "",
            "fingerprint": null,
            "gateway_address": "10.3.0.1",
            "id": "projects/test-project-ws-342013/regions/us-central1/subnetworks/redis-vpc-subnet",
            "ip_cidr_range": "10.3.0.0/16",
            "ipv6_access_type": "",
            "ipv6_cidr_range": "",
            "log_config": [],
            "name": "redis-vpc-subnet",
            "network": "https://www.googleapis.com/compute/v1/projects/test-project-ws-342013/global/networks/redis-vpc",
            "private_ip_google_access": false,
            "private_ipv6_google_access": "DISABLE_GOOGLE_ACCESS",
            "project": "test-project-ws-342013",
            "purpose": "PRIVATE",
            "region": "us-central1",
            "role": "",
            "secondary_ip_range": [],
            "self_link": "https://www.googleapis.com/compute/v1/projects/test-project-ws-342013/regions/us-central1/subnetworks/redis-vpc-subnet",
            "stack_type": "IPV4_ONLY",
            "timeouts": null
          },
          "sensitive_attributes": [],
          "private": "eyJlMmJmYjczMC1lY2FhLTExZTYtOGY4OC0zNDM2M2JjN2M0YzAiOnsiY3JlYXRlIjoxMjAwMDAwMDAwMDAwLCJkZWxldGUiOjEyMDAwMDAwMDAwMDAsInVwZGF0ZSI6MTIwMDAwMDAwMDAwMH19",
          "dependencies": [
            "google_compute_network.vpc_network_redis"
          ]
        }
      ]
    },
    {
      "mode": "managed",
      "type": "google_container_cluster",
      "name": "primary",
      "provider": "provider[\"registry.terraform.io/hashicorp/google\"]",
      "instances": [
        {
          "schema_version": 1,
          "attributes": {
            "addons_config": [
              {
                "cloudrun_config": [],
                "gcp_filestore_csi_driver_config": [],
                "horizontal_pod_autoscaling": [],
                "http_load_balancing": [],
                "network_policy_config": [
                  {
                    "disabled": true
                  }
                ]
              }
            ],
            "authenticator_groups_config": [],
            "cluster_autoscaling": [
              {
                "auto_provisioning_defaults": [
                  {
                    "image_type": "COS_CONTAINERD",
                    "oauth_scopes": [
                      "https://www.googleapis.com/auth/logging.write",
                      "https://www.googleapis.com/auth/monitoring"
                    ],
                    "service_account": "default"
                  }
                ],
                "enabled": true,
                "resource_limits": [
                  {
                    "maximum": 6,
                    "minimum": 1,
                    "resource_type": "cpu"
                  },
                  {
                    "maximum": 16,
                    "minimum": 4,
                    "resource_type": "memory"
                  }
                ]
              }
            ],
            "cluster_ipv4_cidr": "10.20.0.0/14",
            "confidential_nodes": [],
            "database_encryption": [
              {
                "key_name": "",
                "state": "DECRYPTED"
              }
            ],
            "datapath_provider": "",
            "default_max_pods_per_node": null,
            "default_snat_status": [
              {
                "disabled": false
              }
            ],
            "description": "",
            "dns_config": [],
            "enable_autopilot": false,
            "enable_binary_authorization": false,
            "enable_intranode_visibility": false,
            "enable_kubernetes_alpha": false,
            "enable_legacy_abac": false,
            "enable_shielded_nodes": true,
            "enable_tpu": false,
            "endpoint": "104.155.189.129",
            "id": "projects/test-project-ws-342013/locations/us-central1-a/clusters/gke-test-cluster",
            "initial_node_count": 3,
            "ip_allocation_policy": [],
            "label_fingerprint": "a9dc16a7",
            "location": "us-central1-a",
            "logging_config": [
              {
                "enable_components": [
                  "SYSTEM_COMPONENTS",
                  "WORKLOADS"
                ]
              }
            ],
            "logging_service": "logging.googleapis.com/kubernetes",
            "maintenance_policy": [],
            "master_auth": [
              {
                "client_certificate": "",
                "client_certificate_config": [
                  {
                    "issue_client_certificate": false
                  }
                ],
                "client_key": "",
                "cluster_ca_certificate": "LS0tLS1CRUdJTiBDRVJUSUZJQ0FURS0tLS0tCk1JSUVMVENDQXBXZ0F3SUJBZ0lSQUk0NVFLdjhPM1FKQ2x5NGIvY3AzWWd3RFFZSktvWklodmNOQVFFTEJRQXcKTHpFdE1Dc0dBMVVFQXhNa1pHUmxNemMyTXpNdE0yUTBaaTAwTW1abExUaGpOelF0TXpOa01EVXdORGcwTUdGaApNQ0FYRFRJeU1ESXlPREV3TlRFMU5sb1lEekl3TlRJd01qSXhNVEUxTVRVMldqQXZNUzB3S3dZRFZRUURFeVJrClpHVXpOell6TXkwelpEUm1MVFF5Wm1VdE9HTTNOQzB6TTJRd05UQTBPRFF3WVdFd2dnR2lNQTBHQ1NxR1NJYjMKRFFFQkFRVUFBNElCandBd2dnR0tBb0lCZ1FDVmVSaTlzWk5taFVGTFZLVGdqVWVKZklhZGtVRjJtaGtsU291MQpseXVPSUYzRXN3RENXRm1SQnk3YVZxNm5MNFc3U3N2TllMRjFRM0dwYnQ3cXJ6b1NGMkM1Tm96YjZNd1RQWFFtCitlRFhZZitsSGR3NDZEdzdOanJiTncwMXQyN05PRjkxVjJOTGIyNXp5ak44ZFhDd3RlNGJLSGtJUVhtZzVtVVUKTmRZV0JrWFZicEs0RmZBUFJoRjVSU2VNMXpkSmFGWDQ2ZnJDb09scEwrVUVEa1RzMG15ckJPMHVjUCtGZStKbgovcWwwSnM0RjFkWG9hYzNVelQ3RWYwZnZkNE4vMURTZmRhRXdKaEhiV29Fb1hwYlV3djExRHRXSkc1OC9QWUNVCnNucXczMHRkc1ZIVGtJajRoSGFpYXhOZllQVHUvajByck13SzhyckZUMmk4REl0Njd1WWl5TjBXTFoxdlN3WUIKWlJ6Tjk4OW8wYVdVQ0ttQlRXYkoxVjZueWhDalY3c2hhN0Nwdm1ISW45TzJrOUJGaEpEeHhlVmJqeWJvMW1pawp5SDhOTU5YcDBCOEs2RFFJNnNZVWswK1V3Y0VZN3ppbUx5VFFEdlVRbTNXWmYyaDFsMHc4SldDMVhrdFlnQ3VwCkdlbFhhVUZ0SGowRUwrNnZ1MlNLOHo3b1R3RUNBd0VBQWFOQ01FQXdEZ1lEVlIwUEFRSC9CQVFEQWdJRU1BOEcKQTFVZEV3RUIvd1FGTUFNQkFmOHdIUVlEVlIwT0JCWUVGRFg1dWhPYzk3TGpML2ExemtWNGsrOUROVGFWTUEwRwpDU3FHU0liM0RRRUJDd1VBQTRJQmdRQVYwVENVUjRHMFRUdHFKWFRsalFlSmZpWjBNcjl3cVo2QlBaeTh2MEVZCktkeFpLZnZKL2w5L1J5YVcycW5RQUtzTS9EMmhpQXNVNHhnSW81aEpFcDJ3VFgrZEZVck0waGhqUGsxeWdyaEcKL1ZkSEhFcUNsWDBkY0hoS3A5RDVhVU9EM3VGN013aXZ5RjVrSGVCcDdQZUZrdHlXUDlpQmlEWEVva2FteVBoQgpmdk02MGhRZ05WWitHRnRsYnJwcE0wNDBYMVMxRDJaU0FXNmQxSFlxRUdXYnBTV1k4Wld0SHZ4bW5zRk40LzNyCnVKaEt5S2pGSEFrVStzZzYzQnhOTk9TRTRDNHdoUFpvQ3cxK0lhZFBMazhKNm8yL0lqendNM1czcWc3aVFiVUYKaUw1VUNZTzE3cXZqY2N2TnFxc1hMTDRKdzNjalRpT0hkY2tYRUN0M2FkN2VKdUg0M3BmUVNqeTZpc1p0azU2YgpMcWw0MTdCMXMvUG51MEtKN3BpYlJRWkdTbXpwYkFlU2lXVVpuMEhxejJoMCtodUZDb0Zpb0g1SkxBN01PTkpzCndObW1pbGJSMnRnNXpZanhscE8rbyt0amhvcklMbmNkZHgrdER5bmdxYTdaeWV3RnZnRk83T0xoMzF4K2xOd3kKMi91WmwzSlBrazRqdzRVOEhWamc5S1U9Ci0tLS0tRU5EIENFUlRJRklDQVRFLS0tLS0K"
              }
            ],
            "master_authorized_networks_config": [],
            "master_version": "1.21.6-gke.1500",
            "min_master_version": null,
            "monitoring_config": [
              {
                "enable_components": [
                  "SYSTEM_COMPONENTS"
                ]
              }
            ],
            "monitoring_service": "monitoring.googleapis.com/kubernetes",
            "name": "gke-test-cluster",
            "network": "projects/test-project-ws-342013/global/networks/gke-vpc",
            "network_policy": [
              {
                "enabled": false,
                "provider": "PROVIDER_UNSPECIFIED"
              }
            ],
            "networking_mode": "ROUTES",
            "node_config": [
              {
                "boot_disk_kms_key": "",
                "disk_size_gb": 100,
                "disk_type": "pd-standard",
                "gcfs_config": [],
                "guest_accelerator": [],
                "image_type": "COS_CONTAINERD",
                "labels": {
                  "foo": "bar"
                },
                "local_ssd_count": 0,
                "machine_type": "g1-small",
                "metadata": {
                  "disable-legacy-endpoints": "true"
                },
                "min_cpu_platform": "",
                "node_group": "",
                "oauth_scopes": [
                  "https://www.googleapis.com/auth/cloud-platform"
                ],
                "preemptible": true,
                "service_account": "default",
                "shielded_instance_config": [
                  {
                    "enable_integrity_monitoring": true,
                    "enable_secure_boot": false
                  }
                ],
                "tags": [
                  "foo",
                  "bar"
                ],
                "taint": [],
                "workload_metadata_config": []
              }
            ],
            "node_locations": [],
            "node_pool": [
              {
                "autoscaling": [],
                "initial_node_count": 3,
                "instance_group_urls": [
                  "https://www.googleapis.com/compute/v1/projects/test-project-ws-342013/zones/us-central1-a/instanceGroupManagers/gke-gke-test-cluster-default-pool-9de6b79b-grp"
                ],
                "managed_instance_group_urls": [
                  "https://www.googleapis.com/compute/v1/projects/test-project-ws-342013/zones/us-central1-a/instanceGroups/gke-gke-test-cluster-default-pool-9de6b79b-grp"
                ],
                "management": [
                  {
                    "auto_repair": true,
                    "auto_upgrade": true
                  }
                ],
                "max_pods_per_node": 0,
                "name": "default-pool",
                "name_prefix": "",
                "node_config": [
                  {
                    "boot_disk_kms_key": "",
                    "disk_size_gb": 100,
                    "disk_type": "pd-standard",
                    "gcfs_config": [],
                    "guest_accelerator": [],
                    "image_type": "COS_CONTAINERD",
                    "labels": {
                      "foo": "bar"
                    },
                    "local_ssd_count": 0,
                    "machine_type": "g1-small",
                    "metadata": {
                      "disable-legacy-endpoints": "true"
                    },
                    "min_cpu_platform": "",
                    "node_group": "",
                    "oauth_scopes": [
                      "https://www.googleapis.com/auth/cloud-platform"
                    ],
                    "preemptible": true,
                    "service_account": "default",
                    "shielded_instance_config": [
                      {
                        "enable_integrity_monitoring": true,
                        "enable_secure_boot": false
                      }
                    ],
                    "tags": [
                      "foo",
                      "bar"
                    ],
                    "taint": [],
                    "workload_metadata_config": []
                  }
                ],
                "node_count": 3,
                "node_locations": [
                  "us-central1-a"
                ],
                "upgrade_settings": [
                  {
                    "max_surge": 1,
                    "max_unavailable": 0
                  }
                ],
                "version": "1.21.6-gke.1500"
              }
            ],
            "node_version": "1.21.6-gke.1500",
            "operation": null,
            "private_cluster_config": [],
            "private_ipv6_google_access": "",
            "project": "test-project-ws-342013",
            "release_channel": [
              {
                "channel": "REGULAR"
              }
            ],
            "remove_default_node_pool": null,
            "resource_labels": null,
            "resource_usage_export_config": [],
            "self_link": "https://container.googleapis.com/v1/projects/test-project-ws-342013/zones/us-central1-a/clusters/gke-test-cluster",
            "services_ipv4_cidr": "10.23.240.0/20",
            "subnetwork": "projects/test-project-ws-342013/regions/us-central1/subnetworks/gke-vpc-subnet",
            "timeouts": {
              "create": "30m",
              "delete": null,
              "read": null,
              "update": "40m"
            },
            "tpu_ipv4_cidr_block": "",
            "vertical_pod_autoscaling": [],
            "workload_identity_config": []
          },
          "sensitive_attributes": [],
          "private": "eyJlMmJmYjczMC1lY2FhLTExZTYtOGY4OC0zNDM2M2JjN2M0YzAiOnsiY3JlYXRlIjoxODAwMDAwMDAwMDAwLCJkZWxldGUiOjI0MDAwMDAwMDAwMDAsInJlYWQiOjI0MDAwMDAwMDAwMDAsInVwZGF0ZSI6MjQwMDAwMDAwMDAwMH0sInNjaGVtYV92ZXJzaW9uIjoiMSJ9",
          "dependencies": [
            "google_compute_network.vpc_network_gke",
            "google_compute_subnetwork.gke-subnet"
          ]
        }
      ]
    }
  ]
}
