{
  "version": 4,
  "terraform_version": "1.1.6",
  "serial": 51,
  "lineage": "d9a32d1a-8450-b033-15b3-aa65a53e39c2",
  "outputs": {},
  "resources": [
    {
      "module": "module.gke_cluster",
      "mode": "managed",
      "type": "google_compute_network",
      "name": "vpc_network_gke",
      "provider": "provider[\"registry.terraform.io/hashicorp/google\"]",
      "instances": [
        {
          "schema_version": 0,
          "attributes": {
            "auto_create_subnetworks": false,
            "delete_default_routes_on_create": false,
            "description": "",
            "gateway_ipv4": "",
            "id": "projects/test-project-ws-342013/global/networks/gke-vpc",
            "mtu": 0,
            "name": "gke-vpc",
            "project": "test-project-ws-342013",
            "routing_mode": "REGIONAL",
            "self_link": "https://www.googleapis.com/compute/v1/projects/test-project-ws-342013/global/networks/gke-vpc",
            "timeouts": null
          },
          "sensitive_attributes": [],
          "private": "eyJlMmJmYjczMC1lY2FhLTExZTYtOGY4OC0zNDM2M2JjN2M0YzAiOnsiY3JlYXRlIjoxMjAwMDAwMDAwMDAwLCJkZWxldGUiOjEyMDAwMDAwMDAwMDAsInVwZGF0ZSI6MTIwMDAwMDAwMDAwMH19"
        }
      ]
    }
  ]
}
