{
  "version": 4,
  "terraform_version": "1.1.6",
  "serial": 63,
  "lineage": "d9a32d1a-8450-b033-15b3-aa65a53e39c2",
  "outputs": {},
  "resources": [
    {
      "mode": "data",
      "type": "google_client_config",
      "name": "default",
      "provider": "provider[\"registry.terraform.io/hashicorp/google\"]",
      "instances": [
        {
          "schema_version": 0,
          "attributes": {
            "access_token": "ya29.A0ARrdaM_UzN50AXKikZggXGZsq7ewz2IUOL6hDhS3WoYVaovlzDwTGRKrj371t6rwqtfpCY0HLwILuC4-dqPTk3WztPt0yG3TPi6aqyEiQLQY3W7OuTnpaZkGj5Z_ewgJ4cdZuvb-O89UmYeNfKL13V0RiOF5mpjhipeznw",
            "id": "projects/test-project-ws-342013/regions/us-west1/zones/",
            "project": "test-project-ws-342013",
            "region": "us-west1",
            "zone": ""
          },
          "sensitive_attributes": []
        }
      ]
    },
    {
      "module": "module.gke_cluster",
      "mode": "managed",
      "type": "google_compute_firewall",
      "name": "gke",
      "provider": "provider[\"registry.terraform.io/hashicorp/google\"]",
      "instances": [
        {
          "schema_version": 1,
          "attributes": {
            "allow": [
              {
                "ports": [
                  "0-65535"
                ],
                "protocol": "tcp"
              },
              {
                "ports": [],
                "protocol": "icmp"
              }
            ],
            "creation_timestamp": "2022-03-10T05:19:29.067-08:00",
            "deny": [],
            "description": "",
            "destination_ranges": [],
            "direction": "INGRESS",
            "disabled": false,
            "enable_logging": null,
            "id": "projects/test-project-ws-342013/global/firewalls/ingress-firewall-gke",
            "log_config": [],
            "name": "ingress-firewall-gke",
            "network": "https://www.googleapis.com/compute/v1/projects/test-project-ws-342013/global/networks/gke-vpc",
            "priority": 1000,
            "project": "test-project-ws-342013",
            "self_link": "https://www.googleapis.com/compute/v1/projects/test-project-ws-342013/global/firewalls/ingress-firewall-gke",
            "source_ranges": [
              "0.0.0.0/0"
            ],
            "source_service_accounts": null,
            "source_tags": null,
            "target_service_accounts": null,
            "target_tags": null,
            "timeouts": null
          },
          "sensitive_attributes": [],
          "private": "eyJlMmJmYjczMC1lY2FhLTExZTYtOGY4OC0zNDM2M2JjN2M0YzAiOnsiY3JlYXRlIjoxMjAwMDAwMDAwMDAwLCJkZWxldGUiOjEyMDAwMDAwMDAwMDAsInVwZGF0ZSI6MTIwMDAwMDAwMDAwMH0sInNjaGVtYV92ZXJzaW9uIjoiMSJ9",
          "dependencies": [
            "module.gke_cluster.google_compute_network.vpc_network_gke"
          ]
        }
      ]
    },
    {
      "module": "module.gke_cluster",
      "mode": "managed",
      "type": "google_compute_global_address",
      "name": "private_ip_alloc",
      "provider": "provider[\"registry.terraform.io/hashicorp/google\"]",
      "instances": [
        {
          "schema_version": 0,
          "attributes": {
            "address": "10.177.0.0",
            "address_type": "INTERNAL",
            "creation_timestamp": "2022-03-10T05:19:28.987-08:00",
            "description": "",
            "id": "projects/test-project-ws-342013/global/addresses/private-ip-alloc",
            "ip_version": "",
            "name": "private-ip-alloc",
            "network": "https://www.googleapis.com/compute/v1/projects/test-project-ws-342013/global/networks/gke-vpc",
            "prefix_length": 16,
            "project": "test-project-ws-342013",
            "purpose": "VPC_PEERING",
            "self_link": "https://www.googleapis.com/compute/v1/projects/test-project-ws-342013/global/addresses/private-ip-alloc",
            "timeouts": null
          },
          "sensitive_attributes": [],
          "private": "eyJlMmJmYjczMC1lY2FhLTExZTYtOGY4OC0zNDM2M2JjN2M0YzAiOnsiY3JlYXRlIjoxMjAwMDAwMDAwMDAwLCJkZWxldGUiOjEyMDAwMDAwMDAwMDB9fQ==",
          "dependencies": [
            "module.gke_cluster.google_compute_network.vpc_network_gke"
          ]
        }
      ]
    },
    {
      "module": "module.gke_cluster",
      "mode": "managed",
      "type": "google_compute_network",
      "name": "vpc_network_gke",
      "provider": "provider[\"registry.terraform.io/hashicorp/google\"]",
      "instances": [
        {
          "schema_version": 0,
          "attributes": {
            "auto_create_subnetworks": false,
            "delete_default_routes_on_create": false,
            "description": "",
            "gateway_ipv4": "",
            "id": "projects/test-project-ws-342013/global/networks/gke-vpc",
            "mtu": 0,
            "name": "gke-vpc",
            "project": "test-project-ws-342013",
            "routing_mode": "REGIONAL",
            "self_link": "https://www.googleapis.com/compute/v1/projects/test-project-ws-342013/global/networks/gke-vpc",
            "timeouts": null
          },
          "sensitive_attributes": [],
          "private": "eyJlMmJmYjczMC1lY2FhLTExZTYtOGY4OC0zNDM2M2JjN2M0YzAiOnsiY3JlYXRlIjoxMjAwMDAwMDAwMDAwLCJkZWxldGUiOjEyMDAwMDAwMDAwMDAsInVwZGF0ZSI6MTIwMDAwMDAwMDAwMH19"
        }
      ]
    },
    {
      "module": "module.gke_cluster",
      "mode": "managed",
      "type": "google_compute_subnetwork",
      "name": "gke-subnet",
      "provider": "provider[\"registry.terraform.io/hashicorp/google\"]",
      "instances": [
        {
          "schema_version": 0,
          "attributes": {
            "creation_timestamp": "2022-03-10T05:19:29.545-08:00",
            "description": "",
            "external_ipv6_prefix": "",
            "fingerprint": null,
            "gateway_address": "10.2.0.1",
            "id": "projects/test-project-ws-342013/regions/us-west1/subnetworks/gke-vpc-subnet",
            "ip_cidr_range": "10.2.0.0/16",
            "ipv6_access_type": "",
            "ipv6_cidr_range": "",
            "log_config": [],
            "name": "gke-vpc-subnet",
            "network": "https://www.googleapis.com/compute/v1/projects/test-project-ws-342013/global/networks/gke-vpc",
            "private_ip_google_access": false,
            "private_ipv6_google_access": "DISABLE_GOOGLE_ACCESS",
            "project": "test-project-ws-342013",
            "purpose": "PRIVATE",
            "region": "us-west1",
            "role": "",
            "secondary_ip_range": [
              {
                "ip_cidr_range": "10.24.0.0/20",
                "range_name": "services-range"
              },
              {
                "ip_cidr_range": "10.28.0.0/20",
                "range_name": "pod-range"
              }
            ],
            "self_link": "https://www.googleapis.com/compute/v1/projects/test-project-ws-342013/regions/us-west1/subnetworks/gke-vpc-subnet",
            "stack_type": "IPV4_ONLY",
            "timeouts": null
          },
          "sensitive_attributes": [],
          "private": "eyJlMmJmYjczMC1lY2FhLTExZTYtOGY4OC0zNDM2M2JjN2M0YzAiOnsiY3JlYXRlIjoxMjAwMDAwMDAwMDAwLCJkZWxldGUiOjEyMDAwMDAwMDAwMDAsInVwZGF0ZSI6MTIwMDAwMDAwMDAwMH19",
          "dependencies": [
            "module.gke_cluster.google_compute_network.vpc_network_gke"
          ]
        }
      ]
    },
    {
      "module": "module.gke_cluster",
      "mode": "managed",
      "type": "google_container_cluster",
      "name": "primary",
      "provider": "provider[\"registry.terraform.io/hashicorp/google\"]",
      "instances": [
        {
          "schema_version": 1,
          "attributes": {
            "addons_config": [
              {
                "cloudrun_config": [],
                "gcp_filestore_csi_driver_config": [],
                "horizontal_pod_autoscaling": [],
                "http_load_balancing": [],
                "network_policy_config": [
                  {
                    "disabled": true
                  }
                ]
              }
            ],
            "authenticator_groups_config": [],
            "cluster_autoscaling": [
              {
                "auto_provisioning_defaults": [
                  {
                    "image_type": "COS_CONTAINERD",
                    "oauth_scopes": [
                      "https://www.googleapis.com/auth/logging.write",
                      "https://www.googleapis.com/auth/monitoring"
                    ],
                    "service_account": "default"
                  }
                ],
                "enabled": true,
                "resource_limits": [
                  {
                    "maximum": 6,
                    "minimum": 1,
                    "resource_type": "cpu"
                  },
                  {
                    "maximum": 16,
                    "minimum": 4,
                    "resource_type": "memory"
                  }
                ]
              }
            ],
            "cluster_ipv4_cidr": "10.24.0.0/20",
            "confidential_nodes": [],
            "database_encryption": [
              {
                "key_name": "",
                "state": "DECRYPTED"
              }
            ],
            "datapath_provider": "",
            "default_max_pods_per_node": 110,
            "default_snat_status": [
              {
                "disabled": false
              }
            ],
            "description": "",
            "dns_config": [],
            "enable_autopilot": false,
            "enable_binary_authorization": false,
            "enable_intranode_visibility": false,
            "enable_kubernetes_alpha": false,
            "enable_legacy_abac": false,
            "enable_shielded_nodes": true,
            "enable_tpu": false,
            "endpoint": "35.230.60.144",
            "id": "projects/test-project-ws-342013/locations/us-west1/clusters/infra-test",
            "initial_node_count": 1,
            "ip_allocation_policy": [
              {
                "cluster_ipv4_cidr_block": "10.24.0.0/20",
                "cluster_secondary_range_name": "services-range",
                "services_ipv4_cidr_block": "10.28.0.0/20",
                "services_secondary_range_name": "pod-range"
              }
            ],
            "label_fingerprint": "a9dc16a7",
            "location": "us-west1",
            "logging_config": [
              {
                "enable_components": [
                  "SYSTEM_COMPONENTS",
                  "WORKLOADS"
                ]
              }
            ],
            "logging_service": "logging.googleapis.com/kubernetes",
            "maintenance_policy": [],
            "master_auth": [
              {
                "client_certificate": "LS0tLS1CRUdJTiBDRVJUSUZJQ0FURS0tLS0tCk1JSURvVENDQWdtZ0F3SUJBZ0lSQUlSSjl5cS9WRnR3ZXE5V2Jwdnd2bXN3RFFZSktvWklodmNOQVFFTEJRQXcKTHpFdE1Dc0dBMVVFQXhNa00yTTFObVV3TkdFdE9EYzVaUzAwTW1KaUxUazROV0V0WkdVd1pUUTRPVEpoWWpregpNQjRYRFRJeU1ETXhNREV6TVRjMU0xb1hEVEkzTURNd09URXpNVGsxTTFvd0VURVBNQTBHQTFVRUF4TUdZMnhwClpXNTBNSUlCSWpBTkJna3Foa2lHOXcwQkFRRUZBQU9DQVE4QU1JSUJDZ0tDQVFFQXVOR3Q5YTFZTVcwYVZKY3oKVzNhMmFCck41ZmhVUDVzMFdKZWpFaEk1ZkhCTE9GeE1HYm1mTm0rMy9IejBnNWUzcmRxQTZCakgxRUZzbC9tdQorRytjY0RzRWdnYVdnOEFwSnJTL0QxQnEvODVVUnhOWVlWdmd2VEJRcmxReE85OFU1czhTeWY1Nkw1SWMyekM2CkdBRjhESTdaVjRIcm11Ri8vWTZ4dlF4dG5WN1ljM2g3blZ0Z1pEUkxiQlJLZ1l1NVVEYjBBQ1hJSjJpWDVXNlMKeVJhSG1qVzN5eGR3VXpBTGdVNDJBNWxTdk5XYkFTdFY1MWVZWk5yaEhVS3ZCM2paUUVHTnZCbWZIWnNOVyt3ZwovdTNHUjRJV01CS0xZVC9CREkybnNLMmxTZ29nWmluNG1rbyswbG9aNkcyU3dDUklIejJPSTlvVTlRRWUzY1JhCk5DOTlKd0lEQVFBQm8xWXdWREFPQmdOVkhROEJBZjhFQkFNQ0JhQXdFd1lEVlIwbEJBd3dDZ1lJS3dZQkJRVUgKQXdJd0RBWURWUjBUQVFIL0JBSXdBREFmQmdOVkhTTUVHREFXZ0JRb3MvQ0tld05BcDFOSTZidFNxR2I2MDBvVApVVEFOQmdrcWhraUc5dzBCQVFzRkFBT0NBWUVBY1MveWNvYjg4SW1SaUtXZi9CRjRIZjdqOVdSU0h5Ti9UWVNuClNlYUcwY1Y3d1Z2Q0lNTlNjQWRtR0QxaWhrM2N5U0d6MkJ5Z2QwN3czZklDUkxTWU1nNVkzRnFtaU1wYzBHMTQKU0R1TjJrRWVpdEZVTWJYaWxKT3dxdC9SdXhDbWh3S1N3bVZmSGQweGpnbWVoM2dCMUVwRjhMd0lTUXRTVXcwKwo4YmlCNmgvdHFFUlB1bGVJVVBOWCs5amVkbURlellXK0ZIaVV4MDFUOUtKOU12b3U1aXBSMjFUWk1hNm54WTNlCmg0alNMN1lsaXY1REFqY1l5cDNrWG42MDlmSnJmZFdkY0xQNDYxNnc5MkdXTVM3d2lML2dwMC80N3NWMlROdnIKRlcvaEpmbVV0YXhVK1EydmRDMXZOUjFtYk1Da2V1YmNSU1BucC9wN0Y0V3F5cWpkWG16ODBmR3lmQWRTNGUvMQo5c3hMR0NUU3o2OWM1MSs0QlNJUWZDZEVkY1dDRkRMZXVzZkN3eE05ZkErUWxFY01SUGNFV092T0x5TThIV2tjCjVHMlp0Y3pVL1ZJMUtqMVV3UERVZzYxOGN0dUhvaktHSDVFdlhtMm02eEtpTUZTSmFZSW1YWXBydTJibWNCWWwKaS85VHVydXlrU1NGclJwclAxZ2FKM2RIWGZiMAotLS0tLUVORCBDRVJUSUZJQ0FURS0tLS0tCg==",
                "client_certificate_config": [
                  {
                    "issue_client_certificate": true
                  }
                ],
                "client_key": "LS0tLS1CRUdJTiBSU0EgUFJJVkFURSBLRVktLS0tLQpNSUlFb2dJQkFBS0NBUUVBdU5HdDlhMVlNVzBhVkpjelczYTJhQnJONWZoVVA1czBXSmVqRWhJNWZIQkxPRnhNCkdibWZObSszL0h6MGc1ZTNyZHFBNkJqSDFFRnNsL211K0crY2NEc0VnZ2FXZzhBcEpyUy9EMUJxLzg1VVJ4TlkKWVZ2Z3ZUQlFybFF4Tzk4VTVzOFN5ZjU2TDVJYzJ6QzZHQUY4REk3WlY0SHJtdUYvL1k2eHZReHRuVjdZYzNoNwpuVnRnWkRSTGJCUktnWXU1VURiMEFDWElKMmlYNVc2U3lSYUhtalczeXhkd1V6QUxnVTQyQTVsU3ZOV2JBU3RWCjUxZVlaTnJoSFVLdkIzalpRRUdOdkJtZkhac05XK3dnL3UzR1I0SVdNQktMWVQvQkRJMm5zSzJsU2dvZ1ppbjQKbWtvKzBsb1o2RzJTd0NSSUh6Mk9JOW9VOVFFZTNjUmFOQzk5SndJREFRQUJBb0lCQUErYWZFSmFvVENERW84RAp1TzFHNTMyQWpkT1ZsSjlPSGl4QW1SN2tkUUFCaHdnNkdwNnRZamk1VStJNE5uaUpyWk02K0ZrZ0JuYndFeGY5CmwzMFlCekFlZTNIeTFuQkhIL0pKbmp2UHdValpoWm4ra3g2ZElDczQwZ2IxeXJaUVRqWnlVeGJFcWxJcjFzM1cKbms5NmlKdVN6OXlvZGxpOEl3OG9KZTlkQmtBYjVoUVl1M3FaamR6cDk3QUp0YUxSMFZMNWtaaDZvQitVMndPTgpzeEJMUjJqVWorLzQxelowaUtvK3o5SklXM1FqdnYrRS9EL1JpRkxNYTlrMDRVOEwrZU9MVmxmaU55R2FJbUxZCmNBaE4zZEtvdGpUdjlmRHk4T3JKbXZjZnVDMW9TdjlVSldqVGJBU2xFa2sxeUZLVWFOOHFIQ3h0VCtNS1ZVRVQKOHJQSk9ua0NnWUVBM2JONlU5aXg5S29pd2twb0JUQSs2YnVNYi9sUDFGaXJlTzcvRExMVk1OUVpwY0RUMm1OMwo0VCtnNWpLc3dJK1NMUG5LanhYWVdLd2gxd3RKbUNSbFJnMUgycFprTFNPZWErYU5WemFRNlZXT3RNWUhZMHJGCkN6SFFraTVlTmJDbDdPSlo0bEkyYUNFb3ZmK29nVTkrRk5HVitjYWgydnRybXRPYTNCOFN4YTBDZ1lFQTFXbDcKRFVtaVVnYkoxc1RMaEVOOXdXNnZaTXN2cnlMeWZJc25YUmdMT0NPMTk5UG8ySXhrNEp1OUNpMjZxUUtZWHdhWApuVjhXTnQ1OU96bFFNQnM3Z2RNWkV4aTZXVkwrYjRsUjRwZ2NMTHViaGlySnBaM2RVRGR2YVdlNGl1UXZUR0RUCjVLTXZ5cWpRYmx0ckdVbnZkOERRN1dlbldPbHRLQllpMXhGZUlLTUNnWUJGbTlHZnU5ejhCZU5OLzVDemVGZDQKaWJOcGdPem9ya0tBZ1FIQm1mRElHUUJJZzhmQXZSUnB1OUdvRldjYU9yblp0MEE3TnMrcjM3ZnNUaFg0V0EwWQpOcGxGNzR4YWcrRjgzWEdwWFcrWVk0MmdBc0ZWRXFmVmdQbU12RlJHSlVXam45bzY3amM0OEpoYk40ZFB1b2JLCndKZUhTaStOa3YxUktubG4vYldtTFFLQmdCUmVWK2RCd3VOUFVJNVdCQktnbW0wTzBtQ3RYK1M0VWlwKzRZZnEKRnBBS0lJRUIwYlJ4V2VOeUdjM1I1WUhpQkliMVN4MHpDUnk5aVhoUWxRMnlXN0NkWkVSRlZPdlhsdjh3UFFlQwpleFh0NWY4ZE1GZkZSRzAyalVTaktLTGcrbjZ3c3lpY1JxQnlFa3FtSVFldDNkUXhLLytzcC9VOWVqU2NRRUVFCm9GWS9Bb0dBRHFOb2F1N0xIdVd2eHVXaUFDSm5uQU02QzlxMUk1VUJ5amhOMXFqZGU0WGxJcE8zckJxczF1elMKTzVuTy9wb200NGUyajN2azg4cWd5RktmbUh1UjV2OTUxM3dYMkZSak1XWXlITVRQaEo3SUNaSWdHUlEwQXhGQgpKL3JwaTJiRENJY1ZnNkhubklldW1WV0Mra3M2L2h0ZURlMk0xems1K1FXSjhWMmlLeWs9Ci0tLS0tRU5EIFJTQSBQUklWQVRFIEtFWS0tLS0tCg==",
                "cluster_ca_certificate": "LS0tLS1CRUdJTiBDRVJUSUZJQ0FURS0tLS0tCk1JSUVMVENDQXBXZ0F3SUJBZ0lSQUt5ZVRjc0l4ZHlvMzhkZVM1WmU5N0V3RFFZSktvWklodmNOQVFFTEJRQXcKTHpFdE1Dc0dBMVVFQXhNa00yTTFObVV3TkdFdE9EYzVaUzAwTW1KaUxUazROV0V0WkdVd1pUUTRPVEpoWWpregpNQ0FYRFRJeU1ETXhNREV5TVRrMU1sb1lEekl3TlRJd016QXlNVE14T1RVeVdqQXZNUzB3S3dZRFZRUURFeVF6Cll6VTJaVEEwWVMwNE56bGxMVFF5WW1JdE9UZzFZUzFrWlRCbE5EZzVNbUZpT1RNd2dnR2lNQTBHQ1NxR1NJYjMKRFFFQkFRVUFBNElCandBd2dnR0tBb0lCZ1FDTEMyTGhzMm40Qm82SXVESEZlMUk1aDBxVnZhcXR3ZGtDbGFNKwo1OXRlbHA5MGQxL0U3R2pZNGh1UkJsdm9KUnliUXFURXkwTVhkYkxpcUZSNlJ3VWhnaGZDTEpZWUpMNVI2S0MwCm9xZHRla0NnN2d6SzdoOFZzUVFjaURkKzRKQ29XcGtIRHF1c0grQUtMY292ZnlOKzNyUXR6TitiLzdEd2pTajIKWWFoVjB5QnZYM3ByTTMwWkVwQTgxM0k0NFpRcWtXRmM4dDUydThQdldEMlU5aFRreHgxcEQ5clY2eWpSYmNtLwoxazZOOXNCcHh6SUw3SlI2VHg2dkRWVlVqVmlwM1ZxRE4rZVJlMVYwSUhCNmh3SVVZUEFSNzZDem1BRTd1Smd4CmROVjhYZVhwQWM2TG5TMm80SE5jdmdmK1JSNFVDSUFXcUZSTG5LWXpsOXkxVy9NajN6NmI4clMvY290V1VBNloKOU53RE14aGlyeEpRQjV2c2xaRTZaODdoZkxlbVhDRTAzdEtjMlNhK1V3ZWdVTHZ4ZTNVbGxKbHFlbldTZkxqQgo1QVYxWE85bjRzMjRqN1BDYS96UUNiOVgzRFl0ZDArblU4U2w3QTFQN29ZTys4TVduMm1XYWxUVFhvaUxKRjArCjY4OGtwQkI3TlptaS9XZnRGZ3YrdGVtNDd4Y0NBd0VBQWFOQ01FQXdEZ1lEVlIwUEFRSC9CQVFEQWdJRU1BOEcKQTFVZEV3RUIvd1FGTUFNQkFmOHdIUVlEVlIwT0JCWUVGQ2l6OElwN0EwQ25VMGpwdTFLb1p2clRTaE5STUEwRwpDU3FHU0liM0RRRUJDd1VBQTRJQmdRQ0d2ZFRmdkZpVGpFNGFMUFNUUTBQL0twV2tHUGJ1dnl6V05Ud1lXeUtjCk5UeHQ0ZjlINGloREVGWHU2VHVXVGdWdWVpc3FDL24yT1d4QzJ3RFl0NE5kWStwSlhwQWtrVnFhZHVwRTl5ckYKUUo4RlBBL2s3SDRwVW01M3E3YnlhZnJwQXVOVmdsQ2xqejd2b1dGaHZJRUJlaFFzOVRHL0tJbE5UM1IrL0w1Twp6MTZFVmNHSC8wbXc0a202dHM4WEN3K1VtZ3RNdVo4eUFUTGtuOW9odkJ0aVBPRFQ0UHdPSkdHbitQVWQrMnNkCnRVZkVLRUZ4MUliWGVEaGd4Q0N3NWg5bjQrK0tlYWhBVTUvUDFwNjR3bDRjZmI1N3BHTHJjaGZtcURQc0ZEUTEKampMUVFCcWVuVGRpY0E4aTQ4Yzh2Q3NJYitaeDdheTF3S3FwTXc4amQ2YWZ0SFFiUkw4Y1FqSzk0WWFuY3RITQp5bFZMcGQvNGEyem9FVkgwV3ZmUFYvcmU2YkNhSFVzZldKRW1lL3BlT3pSVEhrNmU2TVU2YnJ4eW53V0ppeDROCjh6azFBSVB2SEpVSkFlMVZPTkxLZGpYcUxOTXdBRzNtSkdpZTRHQ2hnQWpwc3h3TjVrRTd0b2syK1o1Uy9xd1IKbDR4UW9VZU5sa0laMVJQQjJ6NWIyaG89Ci0tLS0tRU5EIENFUlRJRklDQVRFLS0tLS0K"
              }
            ],
            "master_authorized_networks_config": [],
            "master_version": "1.21.6-gke.1503",
            "min_master_version": null,
            "monitoring_config": [
              {
                "enable_components": [
                  "SYSTEM_COMPONENTS"
                ]
              }
            ],
            "monitoring_service": "monitoring.googleapis.com/kubernetes",
            "name": "infra-test",
            "network": "projects/test-project-ws-342013/global/networks/gke-vpc",
            "network_policy": [
              {
                "enabled": false,
                "provider": "PROVIDER_UNSPECIFIED"
              }
            ],
            "networking_mode": "VPC_NATIVE",
            "node_config": [],
            "node_locations": [
              "us-west1-a",
              "us-west1-b",
              "us-west1-c"
            ],
            "node_pool": [],
            "node_version": "1.21.6-gke.1503",
            "operation": null,
            "private_cluster_config": [
              {
                "enable_private_endpoint": false,
                "enable_private_nodes": true,
                "master_global_access_config": [
                  {
                    "enabled": false
                  }
                ],
                "master_ipv4_cidr_block": "10.30.0.0/28",
                "peering_name": "gke-n3d5eb4d713de44239cb-a95a-7c48-peer",
                "private_endpoint": "10.30.0.2",
                "public_endpoint": "35.230.60.144"
              }
            ],
            "private_ipv6_google_access": "",
            "project": "test-project-ws-342013",
            "release_channel": [
              {
                "channel": "REGULAR"
              }
            ],
            "remove_default_node_pool": true,
            "resource_labels": null,
            "resource_usage_export_config": [],
            "self_link": "https://container.googleapis.com/v1/projects/test-project-ws-342013/locations/us-west1/clusters/infra-test",
            "services_ipv4_cidr": "10.28.0.0/20",
            "subnetwork": "projects/test-project-ws-342013/regions/us-west1/subnetworks/gke-vpc-subnet",
            "timeouts": {
              "create": "30m",
              "delete": null,
              "read": null,
              "update": "40m"
            },
            "tpu_ipv4_cidr_block": "",
            "vertical_pod_autoscaling": [],
            "workload_identity_config": []
          },
          "sensitive_attributes": [],
          "private": "eyJlMmJmYjczMC1lY2FhLTExZTYtOGY4OC0zNDM2M2JjN2M0YzAiOnsiY3JlYXRlIjoxODAwMDAwMDAwMDAwLCJkZWxldGUiOjI0MDAwMDAwMDAwMDAsInJlYWQiOjI0MDAwMDAwMDAwMDAsInVwZGF0ZSI6MjQwMDAwMDAwMDAwMH0sInNjaGVtYV92ZXJzaW9uIjoiMSJ9",
          "dependencies": [
            "module.gke_cluster.google_compute_network.vpc_network_gke",
            "module.gke_cluster.google_compute_subnetwork.gke-subnet"
          ]
        }
      ]
    },
    {
      "module": "module.gke_cluster",
      "mode": "managed",
      "type": "google_container_node_pool",
      "name": "primary_preemptible_nodes",
      "provider": "provider[\"registry.terraform.io/hashicorp/google\"]",
      "instances": [
        {
          "schema_version": 1,
          "attributes": {
            "autoscaling": [],
            "cluster": "infra-test",
            "id": "projects/test-project-ws-342013/locations/us-west1/clusters/infra-test/nodePools/my-node-pool",
            "initial_node_count": 5,
            "instance_group_urls": [
              "https://www.googleapis.com/compute/v1/projects/test-project-ws-342013/zones/us-west1-c/instanceGroupManagers/gke-infra-test-my-node-pool-6a44239f-grp",
              "https://www.googleapis.com/compute/v1/projects/test-project-ws-342013/zones/us-west1-b/instanceGroupManagers/gke-infra-test-my-node-pool-b5610fbb-grp",
              "https://www.googleapis.com/compute/v1/projects/test-project-ws-342013/zones/us-west1-a/instanceGroupManagers/gke-infra-test-my-node-pool-17a68cb1-grp"
            ],
            "location": "us-west1",
            "managed_instance_group_urls": [
              "https://www.googleapis.com/compute/v1/projects/test-project-ws-342013/zones/us-west1-c/instanceGroups/gke-infra-test-my-node-pool-6a44239f-grp",
              "https://www.googleapis.com/compute/v1/projects/test-project-ws-342013/zones/us-west1-b/instanceGroups/gke-infra-test-my-node-pool-b5610fbb-grp",
              "https://www.googleapis.com/compute/v1/projects/test-project-ws-342013/zones/us-west1-a/instanceGroups/gke-infra-test-my-node-pool-17a68cb1-grp"
            ],
            "management": [
              {
                "auto_repair": true,
                "auto_upgrade": true
              }
            ],
            "max_pods_per_node": 110,
            "name": "my-node-pool",
            "name_prefix": "",
            "node_config": [
              {
                "boot_disk_kms_key": "",
                "disk_size_gb": 100,
                "disk_type": "pd-standard",
                "gcfs_config": [],
                "guest_accelerator": [],
                "image_type": "COS_CONTAINERD",
                "labels": {},
                "local_ssd_count": 0,
                "machine_type": "e2-medium",
                "metadata": {
                  "disable-legacy-endpoints": "true"
                },
                "min_cpu_platform": "",
                "node_group": "",
                "oauth_scopes": [
                  "https://www.googleapis.com/auth/cloud-platform"
                ],
                "preemptible": true,
                "service_account": "default",
                "shielded_instance_config": [
                  {
                    "enable_integrity_monitoring": true,
                    "enable_secure_boot": false
                  }
                ],
                "tags": null,
                "taint": [],
                "workload_metadata_config": []
              }
            ],
            "node_count": 5,
            "node_locations": [
              "us-west1-a",
              "us-west1-b",
              "us-west1-c"
            ],
            "operation": null,
            "project": "test-project-ws-342013",
            "timeouts": null,
            "upgrade_settings": [
              {
                "max_surge": 1,
                "max_unavailable": 0
              }
            ],
            "version": "1.21.6-gke.1503"
          },
          "sensitive_attributes": [],
          "private": "eyJlMmJmYjczMC1lY2FhLTExZTYtOGY4OC0zNDM2M2JjN2M0YzAiOnsiY3JlYXRlIjoxODAwMDAwMDAwMDAwLCJkZWxldGUiOjE4MDAwMDAwMDAwMDAsInVwZGF0ZSI6MTgwMDAwMDAwMDAwMH0sInNjaGVtYV92ZXJzaW9uIjoiMSJ9",
          "dependencies": [
            "module.gke_cluster.google_compute_network.vpc_network_gke",
            "module.gke_cluster.google_compute_subnetwork.gke-subnet",
            "module.gke_cluster.google_container_cluster.primary"
          ]
        }
      ]
    },
    {
      "module": "module.gke_cluster",
      "mode": "managed",
      "type": "google_redis_instance",
      "name": "cache",
      "provider": "provider[\"registry.terraform.io/hashicorp/google\"]",
      "instances": [
        {
          "schema_version": 0,
          "attributes": {
            "alternative_location_id": "us-west1-b",
            "auth_enabled": false,
            "auth_string": "",
            "authorized_network": "projects/test-project-ws-342013/global/networks/gke-vpc",
            "connect_mode": "PRIVATE_SERVICE_ACCESS",
            "create_time": "2022-03-10T13:20:17.562663165Z",
            "current_location_id": "us-west1-a",
            "display_name": "Terraform Test Instance",
            "host": "10.177.0.4",
            "id": "projects/test-project-ws-342013/locations/us-west1/instances/private-cache",
            "labels": null,
            "location_id": "us-west1-a",
            "maintenance_policy": [],
            "maintenance_schedule": [],
            "memory_size_gb": 1,
            "name": "private-cache",
            "persistence_iam_identity": "serviceAccount:412225757084-compute@developer.gserviceaccount.com",
            "port": 6379,
            "project": "test-project-ws-342013",
            "redis_configs": null,
            "redis_version": "REDIS_4_0",
            "region": "us-west1",
            "reserved_ip_range": "10.177.0.0/29",
            "server_ca_certs": [],
            "tier": "STANDARD_HA",
            "timeouts": null,
            "transit_encryption_mode": "DISABLED"
          },
          "sensitive_attributes": [],
          "private": "eyJlMmJmYjczMC1lY2FhLTExZTYtOGY4OC0zNDM2M2JjN2M0YzAiOnsiY3JlYXRlIjoxMjAwMDAwMDAwMDAwLCJkZWxldGUiOjEyMDAwMDAwMDAwMDAsInVwZGF0ZSI6MTIwMDAwMDAwMDAwMH19",
          "dependencies": [
            "module.gke_cluster.google_compute_global_address.private_ip_alloc",
            "module.gke_cluster.google_compute_network.vpc_network_gke",
            "module.gke_cluster.google_service_networking_connection.private_service_connection"
          ]
        }
      ]
    },
    {
      "module": "module.gke_cluster",
      "mode": "managed",
      "type": "google_service_networking_connection",
      "name": "private_service_connection",
      "provider": "provider[\"registry.terraform.io/hashicorp/google\"]",
      "instances": [
        {
          "schema_version": 0,
          "attributes": {
            "id": "projects%2Ftest-project-ws-342013%2Fglobal%2Fnetworks%2Fgke-vpc:servicenetworking.googleapis.com",
            "network": "projects/test-project-ws-342013/global/networks/gke-vpc",
            "peering": "servicenetworking-googleapis-com",
            "reserved_peering_ranges": [
              "private-ip-alloc"
            ],
            "service": "servicenetworking.googleapis.com",
            "timeouts": null
          },
          "sensitive_attributes": [],
          "private": "eyJlMmJmYjczMC1lY2FhLTExZTYtOGY4OC0zNDM2M2JjN2M0YzAiOnsiY3JlYXRlIjo2MDAwMDAwMDAwMDAsImRlbGV0ZSI6NjAwMDAwMDAwMDAwLCJ1cGRhdGUiOjYwMDAwMDAwMDAwMH19",
          "dependencies": [
            "module.gke_cluster.google_compute_global_address.private_ip_alloc",
            "module.gke_cluster.google_compute_network.vpc_network_gke"
          ]
        }
      ]
    },
    {
      "module": "module.gke_cluster",
      "mode": "managed",
      "type": "kubernetes_namespace",
      "name": "development",
      "provider": "provider[\"registry.terraform.io/hashicorp/kubernetes\"]",
      "instances": [
        {
          "schema_version": 0,
          "attributes": {
            "id": "development",
            "metadata": [
              {
                "annotations": null,
                "generate_name": "",
                "generation": 0,
                "labels": {
                  "env": "dev"
                },
                "name": "development",
                "resource_version": "1778",
                "uid": "b1ae2944-6940-485d-b615-54833419b40a"
              }
            ],
            "timeouts": null
          },
          "sensitive_attributes": [],
          "private": "eyJlMmJmYjczMC1lY2FhLTExZTYtOGY4OC0zNDM2M2JjN2M0YzAiOnsiZGVsZXRlIjozMDAwMDAwMDAwMDB9fQ==",
          "dependencies": [
            "data.google_client_config.default",
            "module.gke_cluster.google_compute_network.vpc_network_gke",
            "module.gke_cluster.google_compute_subnetwork.gke-subnet",
            "module.gke_cluster.google_container_cluster.primary"
          ]
        }
      ]
    },
    {
      "module": "module.gke_cluster",
      "mode": "managed",
      "type": "kubernetes_namespace",
      "name": "production",
      "provider": "provider[\"registry.terraform.io/hashicorp/kubernetes\"]",
      "instances": [
        {
          "schema_version": 0,
          "attributes": {
            "id": "production",
            "metadata": [
              {
                "annotations": null,
                "generate_name": "",
                "generation": 0,
                "labels": {
                  "env": "prod"
                },
                "name": "production",
                "resource_version": "1777",
                "uid": "b52f0ae2-a5b7-47a2-aba5-10667879fb46"
              }
            ],
            "timeouts": null
          },
          "sensitive_attributes": [],
          "private": "eyJlMmJmYjczMC1lY2FhLTExZTYtOGY4OC0zNDM2M2JjN2M0YzAiOnsiZGVsZXRlIjozMDAwMDAwMDAwMDB9fQ==",
          "dependencies": [
            "data.google_client_config.default",
            "module.gke_cluster.google_compute_network.vpc_network_gke",
            "module.gke_cluster.google_compute_subnetwork.gke-subnet",
            "module.gke_cluster.google_container_cluster.primary"
          ]
        }
      ]
    },
    {
      "module": "module.gke_cluster",
      "mode": "managed",
      "type": "kubernetes_namespace",
      "name": "staging",
      "provider": "provider[\"registry.terraform.io/hashicorp/kubernetes\"]",
      "instances": [
        {
          "schema_version": 0,
          "attributes": {
            "id": "staging",
            "metadata": [
              {
                "annotations": null,
                "generate_name": "",
                "generation": 0,
                "labels": {
                  "env": "stg"
                },
                "name": "staging",
                "resource_version": "1776",
                "uid": "13a9a229-af14-4576-b9b5-cbaef93e1ef1"
              }
            ],
            "timeouts": null
          },
          "sensitive_attributes": [],
          "private": "eyJlMmJmYjczMC1lY2FhLTExZTYtOGY4OC0zNDM2M2JjN2M0YzAiOnsiZGVsZXRlIjozMDAwMDAwMDAwMDB9fQ==",
          "dependencies": [
            "data.google_client_config.default",
            "module.gke_cluster.google_compute_network.vpc_network_gke",
            "module.gke_cluster.google_compute_subnetwork.gke-subnet",
            "module.gke_cluster.google_container_cluster.primary"
          ]
        }
      ]
    }
  ]
}
