{
  "version": 4,
  "terraform_version": "1.1.6",
  "serial": 12,
  "lineage": "9874304b-99fb-3b18-48c1-b3067bea0609",
  "outputs": {},
  "resources": [
    {
      "mode": "data",
      "type": "google_client_config",
      "name": "default",
      "provider": "provider[\"registry.terraform.io/hashicorp/google\"]",
      "instances": [
        {
          "schema_version": 0,
          "attributes": {
            "access_token": "ya29.A0ARrdaM9w5eeS6j2a4Irjg93Sm6nCSi2d4B0VV0Dyr-vGrV9IDCicEh14u9N9zKPnSBBmiryCnzxAhOQ28MmQDYT-ZZYrOigpuWD5TybG7Qd7PFDsHpn24xYoK-X9mkgyh0Y2zTTrybcFaZ8GWzYld1G5-PtsYT5l5ZagMg",
            "id": "projects/test-project-ws-342013/regions/us-west1/zones/",
            "project": "test-project-ws-342013",
            "region": "us-west1",
            "zone": ""
          },
          "sensitive_attributes": []
        }
      ]
    },
    {
      "module": "module.gke_cluster",
      "mode": "managed",
      "type": "google_compute_firewall",
      "name": "gke",
      "provider": "provider[\"registry.terraform.io/hashicorp/google\"]",
      "instances": [
        {
          "schema_version": 1,
          "attributes": {
            "allow": [
              {
                "ports": [
                  "0-65535"
                ],
                "protocol": "tcp"
              },
              {
                "ports": [],
                "protocol": "icmp"
              }
            ],
            "creation_timestamp": "2022-03-10T06:29:28.967-08:00",
            "deny": [],
            "description": "",
            "destination_ranges": [],
            "direction": "INGRESS",
            "disabled": false,
            "enable_logging": null,
            "id": "projects/test-project-ws-342013/global/firewalls/ingress-firewall-gke",
            "log_config": [],
            "name": "ingress-firewall-gke",
            "network": "https://www.googleapis.com/compute/v1/projects/test-project-ws-342013/global/networks/gke-vpc",
            "priority": 1000,
            "project": "test-project-ws-342013",
            "self_link": "https://www.googleapis.com/compute/v1/projects/test-project-ws-342013/global/firewalls/ingress-firewall-gke",
            "source_ranges": [
              "0.0.0.0/0"
            ],
            "source_service_accounts": null,
            "source_tags": null,
            "target_service_accounts": null,
            "target_tags": null,
            "timeouts": null
          },
          "sensitive_attributes": [],
          "private": "eyJlMmJmYjczMC1lY2FhLTExZTYtOGY4OC0zNDM2M2JjN2M0YzAiOnsiY3JlYXRlIjoxMjAwMDAwMDAwMDAwLCJkZWxldGUiOjEyMDAwMDAwMDAwMDAsInVwZGF0ZSI6MTIwMDAwMDAwMDAwMH0sInNjaGVtYV92ZXJzaW9uIjoiMSJ9",
          "dependencies": [
            "module.gke_cluster.google_compute_network.vpc_network_gke"
          ]
        }
      ]
    },
    {
      "module": "module.gke_cluster",
      "mode": "managed",
      "type": "google_compute_global_address",
      "name": "private_ip_alloc",
      "provider": "provider[\"registry.terraform.io/hashicorp/google\"]",
      "instances": [
        {
          "schema_version": 0,
          "attributes": {
            "address": "10.124.0.0",
            "address_type": "INTERNAL",
            "creation_timestamp": "2022-03-10T06:29:28.985-08:00",
            "description": "",
            "id": "projects/test-project-ws-342013/global/addresses/private-ip-alloc",
            "ip_version": "",
            "name": "private-ip-alloc",
            "network": "https://www.googleapis.com/compute/v1/projects/test-project-ws-342013/global/networks/gke-vpc",
            "prefix_length": 16,
            "project": "test-project-ws-342013",
            "purpose": "VPC_PEERING",
            "self_link": "https://www.googleapis.com/compute/v1/projects/test-project-ws-342013/global/addresses/private-ip-alloc",
            "timeouts": null
          },
          "sensitive_attributes": [],
          "private": "eyJlMmJmYjczMC1lY2FhLTExZTYtOGY4OC0zNDM2M2JjN2M0YzAiOnsiY3JlYXRlIjoxMjAwMDAwMDAwMDAwLCJkZWxldGUiOjEyMDAwMDAwMDAwMDB9fQ==",
          "dependencies": [
            "module.gke_cluster.google_compute_network.vpc_network_gke"
          ]
        }
      ]
    },
    {
      "module": "module.gke_cluster",
      "mode": "managed",
      "type": "google_compute_network",
      "name": "vpc_network_gke",
      "provider": "provider[\"registry.terraform.io/hashicorp/google\"]",
      "instances": [
        {
          "schema_version": 0,
          "attributes": {
            "auto_create_subnetworks": false,
            "delete_default_routes_on_create": false,
            "description": "",
            "gateway_ipv4": "",
            "id": "projects/test-project-ws-342013/global/networks/gke-vpc",
            "mtu": 0,
            "name": "gke-vpc",
            "project": "test-project-ws-342013",
            "routing_mode": "REGIONAL",
            "self_link": "https://www.googleapis.com/compute/v1/projects/test-project-ws-342013/global/networks/gke-vpc",
            "timeouts": null
          },
          "sensitive_attributes": [],
          "private": "eyJlMmJmYjczMC1lY2FhLTExZTYtOGY4OC0zNDM2M2JjN2M0YzAiOnsiY3JlYXRlIjoxMjAwMDAwMDAwMDAwLCJkZWxldGUiOjEyMDAwMDAwMDAwMDAsInVwZGF0ZSI6MTIwMDAwMDAwMDAwMH19"
        }
      ]
    },
    {
      "module": "module.gke_cluster",
      "mode": "managed",
      "type": "google_compute_subnetwork",
      "name": "gke-subnet",
      "provider": "provider[\"registry.terraform.io/hashicorp/google\"]",
      "instances": [
        {
          "schema_version": 0,
          "attributes": {
            "creation_timestamp": "2022-03-10T06:29:29.306-08:00",
            "description": "",
            "external_ipv6_prefix": "",
            "fingerprint": null,
            "gateway_address": "10.2.0.1",
            "id": "projects/test-project-ws-342013/regions/us-west1/subnetworks/gke-vpc-subnet",
            "ip_cidr_range": "10.2.0.0/16",
            "ipv6_access_type": "",
            "ipv6_cidr_range": "",
            "log_config": [],
            "name": "gke-vpc-subnet",
            "network": "https://www.googleapis.com/compute/v1/projects/test-project-ws-342013/global/networks/gke-vpc",
            "private_ip_google_access": false,
            "private_ipv6_google_access": "DISABLE_GOOGLE_ACCESS",
            "project": "test-project-ws-342013",
            "purpose": "PRIVATE",
            "region": "us-west1",
            "role": "",
            "secondary_ip_range": [
              {
                "ip_cidr_range": "10.24.0.0/20",
                "range_name": "services-range"
              },
              {
                "ip_cidr_range": "10.28.0.0/20",
                "range_name": "pod-range"
              }
            ],
            "self_link": "https://www.googleapis.com/compute/v1/projects/test-project-ws-342013/regions/us-west1/subnetworks/gke-vpc-subnet",
            "stack_type": "IPV4_ONLY",
            "timeouts": null
          },
          "sensitive_attributes": [],
          "private": "eyJlMmJmYjczMC1lY2FhLTExZTYtOGY4OC0zNDM2M2JjN2M0YzAiOnsiY3JlYXRlIjoxMjAwMDAwMDAwMDAwLCJkZWxldGUiOjEyMDAwMDAwMDAwMDAsInVwZGF0ZSI6MTIwMDAwMDAwMDAwMH19",
          "dependencies": [
            "module.gke_cluster.google_compute_network.vpc_network_gke"
          ]
        }
      ]
    },
    {
      "module": "module.gke_cluster",
      "mode": "managed",
      "type": "google_container_cluster",
      "name": "primary",
      "provider": "provider[\"registry.terraform.io/hashicorp/google\"]",
      "instances": [
        {
          "schema_version": 1,
          "attributes": {
            "addons_config": [
              {
                "cloudrun_config": [],
                "gcp_filestore_csi_driver_config": [],
                "horizontal_pod_autoscaling": [],
                "http_load_balancing": [],
                "network_policy_config": [
                  {
                    "disabled": true
                  }
                ]
              }
            ],
            "authenticator_groups_config": [],
            "cluster_autoscaling": [
              {
                "auto_provisioning_defaults": [
                  {
                    "image_type": "COS_CONTAINERD",
                    "oauth_scopes": [
                      "https://www.googleapis.com/auth/logging.write",
                      "https://www.googleapis.com/auth/monitoring"
                    ],
                    "service_account": "default"
                  }
                ],
                "enabled": true,
                "resource_limits": [
                  {
                    "maximum": 6,
                    "minimum": 1,
                    "resource_type": "cpu"
                  },
                  {
                    "maximum": 16,
                    "minimum": 4,
                    "resource_type": "memory"
                  }
                ]
              }
            ],
            "cluster_ipv4_cidr": "10.24.0.0/20",
            "confidential_nodes": [],
            "database_encryption": [
              {
                "key_name": "",
                "state": "DECRYPTED"
              }
            ],
            "datapath_provider": "",
            "default_max_pods_per_node": 110,
            "default_snat_status": [
              {
                "disabled": false
              }
            ],
            "description": "",
            "dns_config": [],
            "enable_autopilot": false,
            "enable_binary_authorization": false,
            "enable_intranode_visibility": false,
            "enable_kubernetes_alpha": false,
            "enable_legacy_abac": false,
            "enable_shielded_nodes": true,
            "enable_tpu": false,
            "endpoint": "34.145.119.201",
            "id": "projects/test-project-ws-342013/locations/us-west1/clusters/infra-test",
            "initial_node_count": 1,
            "ip_allocation_policy": [
              {
                "cluster_ipv4_cidr_block": "10.24.0.0/20",
                "cluster_secondary_range_name": "services-range",
                "services_ipv4_cidr_block": "10.28.0.0/20",
                "services_secondary_range_name": "pod-range"
              }
            ],
            "label_fingerprint": "a9dc16a7",
            "location": "us-west1",
            "logging_config": [
              {
                "enable_components": [
                  "SYSTEM_COMPONENTS",
                  "WORKLOADS"
                ]
              }
            ],
            "logging_service": "logging.googleapis.com/kubernetes",
            "maintenance_policy": [],
            "master_auth": [
              {
                "client_certificate": "LS0tLS1CRUdJTiBDRVJUSUZJQ0FURS0tLS0tCk1JSURvRENDQWdpZ0F3SUJBZ0lRT3NIdHJ1UCsvSS9uWGNKVUZnNlFXVEFOQmdrcWhraUc5dzBCQVFzRkFEQXYKTVMwd0t3WURWUVFERXlRMFptUTFaRFU0Tnkxak1HUXdMVFF3T1RFdE9HTmxOeTFpTkRBNFlUbGhOakEyTnprdwpIaGNOTWpJd016RXdNVFF5T0RBeldoY05NamN3TXpBNU1UUXpNREF6V2pBUk1ROHdEUVlEVlFRREV3WmpiR2xsCmJuUXdnZ0VpTUEwR0NTcUdTSWIzRFFFQkFRVUFBNElCRHdBd2dnRUtBb0lCQVFDM2JuaFMwT1daOTJMaDhldWoKYWZhaklZb2ErSDVQTFVRMVRlc1V1dVR3ODk1N1gyUm9TRU0yc1BSditqSXBneXpGN0lTWjd2Z1NJYUN0OUVjLwp0eGJEVDM5a3orQ3pPaTIvaEdSVEJDYUszOG1BRE9mRE5YZkJrOUVwam1PWmcvcTR6bWREb0V1NFI3RGRReUFmCkllMlVOQ1Z6aGEwY2IwMnU2MHU4b2RtMXBlTkEzMG9PaC80NTVrVis1ck0wcFJSc1ZBTGhodDJoaFhtUEVQZjMKUzN2SHV2UkoydUthdmxUSWRFbGpIUnl1TDFqSTdNdmRGRXQxeDNTNy9Ec0lHSGZBemREQ0xmcDY5eUdPa0l5NQpLZHFrUGNNYlk0enZPbVRHYVFJNjFIMTk2WmVYbXJPaGRWUjQ4Z1lHQ0JRRTRRbzdKUlFVSXhpNjUwc1NveThnCmhlRlRBZ01CQUFHalZqQlVNQTRHQTFVZER3RUIvd1FFQXdJRm9EQVRCZ05WSFNVRUREQUtCZ2dyQmdFRkJRY0QKQWpBTUJnTlZIUk1CQWY4RUFqQUFNQjhHQTFVZEl3UVlNQmFBRkJ5TmxtUVMydzJOTWQ2bm5va0UwWndtN0NvMQpNQTBHQ1NxR1NJYjNEUUVCQ3dVQUE0SUJnUUFJVnQ0ZFM5OS90YmRKR29QZVZ2MVRPQm8xY2Fzd05sOW1kK1dTCjArcXN6WUR3MzhmYjQyVWdvQkF6WHQvb1BCcWFPOG1qc3IzTnNDSDM1SnlYa2FxeFA0OXdWMEp2Q0hFUDJNc08KT05LRTlsdnZ4R3k5VjVMNHVjRk5tclc2VTNuUlN0WlVVb1lOVG1PM1c2dGhBVmlUNlRjM2VXSDEzRkZwTWNFbgpvb2VWcEJML0dGY1ZpWUJJVW5wZ2VjLzFRbUFCNWh3MEpBNU12YWp6bnFYYm5EUzNwcW1ndFJJZ0s3WUVXQzk2ClYwZlFOMmxIbmloRnVodS95RzJuenF6OS85aU5OR1ZqT3B2a0llNkdCRi8rd2ZuOTZEWllSanRubU00UDB3eDIKL3luMnNFVWRjVkYyTkVnSHR6dCtVellMYkJlY1V4ZCtPVDVGeTE3YUhidnpuZjFwYUFQQ1dnMVlCZnNPOTlKRAo4ZVlmcmtlVEhRcVFUMzRpOWdVL2U3UmlYTzRvWHhBc2NIMFdHMUFZYjJReDdlbFA5SldZU2J3WlBhVENsaWZlCkYvazF2aExNaGltMVdweDlVcW8vU1VYT0RRSWplZkwrSG5VZlhQWkJmQTlnWVd2Z0xvbmc3WXVTb3F5UXk0a1cKNk1OeGJSakI0TlJJRzNYOTl4TzFxdjA3SDRzPQotLS0tLUVORCBDRVJUSUZJQ0FURS0tLS0tCg==",
                "client_certificate_config": [
                  {
                    "issue_client_certificate": true
                  }
                ],
                "client_key": "LS0tLS1CRUdJTiBSU0EgUFJJVkFURSBLRVktLS0tLQpNSUlFcEFJQkFBS0NBUUVBdDI1NFV0RGxtZmRpNGZIcm8ybjJveUdLR3ZoK1R5MUVOVTNyRkxyazhQUGVlMTlrCmFFaEROckQwYi9veUtZTXN4ZXlFbWU3NEVpR2dyZlJIUDdjV3cwOS9aTS9nc3pvdHY0UmtVd1FtaXQvSmdBem4Kd3pWM3daUFJLWTVqbVlQNnVNNW5RNkJMdUVldzNVTWdIeUh0bERRbGM0V3RIRzlOcnV0THZLSFp0YVhqUU45SwpEb2YrT2VaRmZ1YXpOS1VVYkZRQzRZYmRvWVY1anhEMzkwdDd4N3IwU2RyaW1yNVV5SFJKWXgwY3JpOVl5T3pMCjNSUkxkY2QwdS93N0NCaDN3TTNRd2kzNmV2Y2hqcENNdVNuYXBEM0RHMk9NN3pwa3hta0NPdFI5ZmVtWGw1cXoKb1hWVWVQSUdCZ2dVQk9FS095VVVGQ01ZdXVkTEVxTXZJSVhoVXdJREFRQUJBb0lCQUU0bnMvMjVRdkxJbkttZgpqYUo1Ymh4UW1Jcm9VTTBFZ1BqalE2UDRBNzhFY1VtSXVmdlN1a3l0dGVDV0xsUlFyejEvaW5vWi96bWVlVnRVCjV4eW5Nbnd5UFpuakZwN1d6Wkk1NHhNYUJDQU12TXFoOVFmUUdyL3didUN4YWcrSlU4VDFNTHQ0SzNzUGxMU1oKdXJCNUlNU1NPVmpRM3BMc2U2RnBZTUkxQmRGbWJURlRjMSsrUTNEQm5sK25WenNqak1IZlNMZi91eXpJZ1ZHLwo0Vkp6Qy9MRjdwMjdQVGRmcUFKR0F6S0c3SldweVZ1YmNsL1JmalA4dldRUmZQT3BnRFJudGxyemhoMGlUVkF1CjltNWliUi9NK0didUtOeEFwWTdpeSsvMzAxeUczSFViQ0RCNTBRZkxWZjhpUkE1OFZYa2xOVS9QYTVLK1FBUFUKMWhqWlV1a0NnWUVBNjRpTGdKbk1RQ1gwd3VFdk92dzJFc2d3SCtNelQ2RWNBRkJtQlZIYmxYcHhpYzZ6Z0NEWgp6U3ZlOGVyb1FhUWlNM25tV1pwRkZJOGtWWlJHNWdCVlIrUWIyL1FQYkI3dlp4dTE5S2RLbkpMN0VpNEZwM1h5CmhSdVpzYXBMWWJGS0RaaXBIeDhURTBZNkpZaFlvSkpROEZnVVhBSVBmejVEbjFjMmNEdDFHWGtDZ1lFQXgxN3EKZmVEckFGa1JvUGZ3em9iOGVqRFA2R2k2dysrdStxbEVDR21UazlRK2VIRTU4T1RZdmFxUWNSTTlQUmdDdXhYeQpsWkJyNnF1RGpzYXZmTWZ1Ykl6R1VnU3hRcVByekh5VUdLdGZJQjk2cEJmU29odlp2dmczUFRhYTdZLzFCbnVLClNZWmlzd01XYjhXWFp0eTh4dFhKM0ZXRy9PWEdIeGRVYnR5aTZpc0NnWUVBb1RHTjU3RmFLL3pPQ2lGNjVXOSsKd2xQbk82dU9qa3pBa1NaMDYrY2QxS3M3MFFoNXFKTFMvS3V0cFBzVGdQa0h2eHNLSHdDSmpveDRYV2xoTEQvRwpIYkZycjVqVWhUYVd1WVlwZlFxUThaOVYzUmRLSDFXRmFMdCs4Q3lQOG9nWEdqOEVYNXd3dmR3dUowbXMvaGVrCjlSZ1N0dlZpRGI5YklFM2JuK3ZSTkdFQ2dZQkpsckU2OFZBTWV0UFU5RzkvNjdjNWF0YnkwK1ZMK1NZL0EwZEgKUzZEYlNkWWRJcjNlT3JuOWwvMWtuMU5WUDQyU2ZKRmp2MEQyQjRTeHFJaVJxRUpLOHRNbzV1NSt5SDU2cGVrTQpDZ1U4bUNIdWU1U1ZuVzRMM1JhV2s1Y3Y1Smp1WVo4emNGVHgra3ZIeWNrT2dKOTFUT2dMV2M1UGZvaFlaWVlXCnZYMnNyUUtCZ1FETVA2Qmo5cDIvaWdhZFhQMW0yY0I3SmhOeW9qdkt2cjJmeE5QdTg2UGFpcDAxS2NKNlFVM24KQWxuWXJVVHBseWx6U1VuQVNGMUE2bllkTUdBUGZvelUyU3pIV1ZZU012Y1pnVngrOXRXUnFEWjVNcDI0MXRxQgowSXFwQXVKdU55aUluYzh1OXJydzlUNmdXeFdjQjh3Z0QyZlJ3TTkvZk5QWWtnZWJjdFJlQ0E9PQotLS0tLUVORCBSU0EgUFJJVkFURSBLRVktLS0tLQo=",
                "cluster_ca_certificate": "LS0tLS1CRUdJTiBDRVJUSUZJQ0FURS0tLS0tCk1JSUVMVENDQXBXZ0F3SUJBZ0lSQVB1MEYvcEo1RXhoUHIwMGpwZ2N5UGt3RFFZSktvWklodmNOQVFFTEJRQXcKTHpFdE1Dc0dBMVVFQXhNa05HWmtOV1ExT0RjdFl6QmtNQzAwTURreExUaGpaVGN0WWpRd09HRTVZVFl3TmpjNQpNQ0FYRFRJeU1ETXhNREV6TXpBd01sb1lEekl3TlRJd016QXlNVFF6TURBeVdqQXZNUzB3S3dZRFZRUURFeVEwClptUTFaRFU0Tnkxak1HUXdMVFF3T1RFdE9HTmxOeTFpTkRBNFlUbGhOakEyTnprd2dnR2lNQTBHQ1NxR1NJYjMKRFFFQkFRVUFBNElCandBd2dnR0tBb0lCZ1FEUmRTMk16VjV1SzFUZFN6VTFoejQ2Sy9yMTBWN2wwYlE4aGhhaApUUjYyTzhmQkhrZnFQZU1UTTl6N3RjeDZDdEFMWXlFSTNaRFBpV25sbDdxRWIrTFhGZlRzTGZsZ21KVWtLUS9LClpmNnFaZ0NldlpSRFlBZGltajdmMklmb09mWlo1MGxlQk01QXE1YVd5Zy9MWE1qNlZCa01EZklNMlZXbnVRakMKVTU0Z0lCdHRhM0hBeWcycXdsWE9XZkloTnV2c0V0MEszQVNneEJFbkVsNnQ2ZXduV1R0amo4NnZWcGdPL2MydwpCQzU1bEFVclU3QlJ6ZnBmUngxS3NFSTNvYkdJNTV5djVweENVRTNHNFdJa3hUV1JjTTB1Umljd3dhYnloVVJUCnBqdjdmYXB4c205RTRjYVpRcmk3RUkyQ0grSmRDbFFlb3V6Q2F4WkFTVElvZlFMUzlhakJJMU1CMWtqNzdEc2sKbTJieFZDYlRnWG1zUytoajNacUo5YzE2WEsvKzhJVlp0bHlrMjNJRzFhRnhUb0RLN011eXpXWkZKNDA1VzZBVApqSFZMYWlPR1FjclF5Nlg4MjJYY2ZLSkRUc200S3Nsa1FSc1lmUXZraUVZb2dwZ2JvQ1lzWXJkNVFLV1BrNXpyClpURkJmMDg0TmtKOGI5V09OeDBqSUxJaWdGa0NBd0VBQWFOQ01FQXdEZ1lEVlIwUEFRSC9CQVFEQWdJRU1BOEcKQTFVZEV3RUIvd1FGTUFNQkFmOHdIUVlEVlIwT0JCWUVGQnlObG1RUzJ3Mk5NZDZubm9rRTBad203Q28xTUEwRwpDU3FHU0liM0RRRUJDd1VBQTRJQmdRQlFBRE5XOUY0bmdsMThCM0xLU2tnckpBc3NRTjRwcSs0YzRCK3M5RkpICnFOeUxtYmJSc2o4dnpKSFVIaWdkWHc3MXNEOG9QektpUEZwQ0JSZHZQdUtBOXQxTzhpcmlQZGJrSTByV25KT3oKcWJqS05kcnhYQVEvWXFHOEsvSzY2RXRtbGRyWHRBS2laMlN4bTJmZUk1LzhncnV4RXlpVHd5YkYva3g2MG04VwpQMVE3RVV5TW5FNGh2UmZHQ3FsOHY2cnU4dmE5WnFmcFZLNUFyZG84bndka1JOa1Y5WGF3bDlZUTdob0MrcU1CCklGalYvUWN2UmRweEZldnVoelNuZlV0bHNnYk9ZaHMxYStISitqWWJzcTFBbGJZS21iUE9VMlFnejJ4eWJqczcKOUh1NTJBazRXR2EzY0J2V25SU1lIZmxHUUNkeGJhQ24yV3MxYzdZNlhhK3lZVzhaK3l5L1FCQVhTdzNJSDdZKwpreDNkWlNvY1o0NFVVSWpRbFEzMEx0NVVmUEpnbFEwSmtzN1hjNFc1K25VUmZUTkNwRlBLYlREdzhXYS9xN3pECi9KeElrV2hOdlpZTUQ3L1B4cVh1aHlTQUxybzVzd1pFK2wya3ZVTDZhYWU2WUtDSzJoa3p0WWFabllqbjlSb1MKVDBHSkRCSENHYjZLZWFkRzRlMHlkTlE9Ci0tLS0tRU5EIENFUlRJRklDQVRFLS0tLS0K"
              }
            ],
            "master_authorized_networks_config": [],
            "master_version": "1.21.6-gke.1503",
            "min_master_version": null,
            "monitoring_config": [
              {
                "enable_components": [
                  "SYSTEM_COMPONENTS"
                ]
              }
            ],
            "monitoring_service": "monitoring.googleapis.com/kubernetes",
            "name": "infra-test",
            "network": "projects/test-project-ws-342013/global/networks/gke-vpc",
            "network_policy": [
              {
                "enabled": false,
                "provider": "PROVIDER_UNSPECIFIED"
              }
            ],
            "networking_mode": "VPC_NATIVE",
            "node_config": [],
            "node_locations": [
              "us-west1-a",
              "us-west1-b",
              "us-west1-c"
            ],
            "node_pool": [],
            "node_version": "1.21.6-gke.1503",
            "operation": null,
            "private_cluster_config": [
              {
                "enable_private_endpoint": false,
                "enable_private_nodes": true,
                "master_global_access_config": [
                  {
                    "enabled": false
                  }
                ],
                "master_ipv4_cidr_block": "10.30.0.0/28",
                "peering_name": "gke-n3d5eb4d713de44239cb-6267-ef17-peer",
                "private_endpoint": "10.30.0.2",
                "public_endpoint": "34.145.119.201"
              }
            ],
            "private_ipv6_google_access": "",
            "project": "test-project-ws-342013",
            "release_channel": [
              {
                "channel": "REGULAR"
              }
            ],
            "remove_default_node_pool": true,
            "resource_labels": null,
            "resource_usage_export_config": [],
            "self_link": "https://container.googleapis.com/v1/projects/test-project-ws-342013/locations/us-west1/clusters/infra-test",
            "services_ipv4_cidr": "10.28.0.0/20",
            "subnetwork": "projects/test-project-ws-342013/regions/us-west1/subnetworks/gke-vpc-subnet",
            "timeouts": {
              "create": "30m",
              "delete": null,
              "read": null,
              "update": "40m"
            },
            "tpu_ipv4_cidr_block": "",
            "vertical_pod_autoscaling": [],
            "workload_identity_config": []
          },
          "sensitive_attributes": [],
          "private": "eyJlMmJmYjczMC1lY2FhLTExZTYtOGY4OC0zNDM2M2JjN2M0YzAiOnsiY3JlYXRlIjoxODAwMDAwMDAwMDAwLCJkZWxldGUiOjI0MDAwMDAwMDAwMDAsInJlYWQiOjI0MDAwMDAwMDAwMDAsInVwZGF0ZSI6MjQwMDAwMDAwMDAwMH0sInNjaGVtYV92ZXJzaW9uIjoiMSJ9",
          "dependencies": [
            "module.gke_cluster.google_compute_network.vpc_network_gke",
            "module.gke_cluster.google_compute_subnetwork.gke-subnet"
          ]
        }
      ]
    },
    {
      "module": "module.gke_cluster",
      "mode": "managed",
      "type": "google_container_node_pool",
      "name": "primary_preemptible_nodes",
      "provider": "provider[\"registry.terraform.io/hashicorp/google\"]",
      "instances": [
        {
          "schema_version": 1,
          "attributes": {
            "autoscaling": [],
            "cluster": "infra-test",
            "id": "projects/test-project-ws-342013/locations/us-west1/clusters/infra-test/nodePools/my-node-pool",
            "initial_node_count": 5,
            "instance_group_urls": [
              "https://www.googleapis.com/compute/v1/projects/test-project-ws-342013/zones/us-west1-c/instanceGroupManagers/gke-infra-test-my-node-pool-0fb99d34-grp",
              "https://www.googleapis.com/compute/v1/projects/test-project-ws-342013/zones/us-west1-b/instanceGroupManagers/gke-infra-test-my-node-pool-02e08b2b-grp",
              "https://www.googleapis.com/compute/v1/projects/test-project-ws-342013/zones/us-west1-a/instanceGroupManagers/gke-infra-test-my-node-pool-edd2f895-grp"
            ],
            "location": "us-west1",
            "managed_instance_group_urls": [
              "https://www.googleapis.com/compute/v1/projects/test-project-ws-342013/zones/us-west1-c/instanceGroups/gke-infra-test-my-node-pool-0fb99d34-grp",
              "https://www.googleapis.com/compute/v1/projects/test-project-ws-342013/zones/us-west1-b/instanceGroups/gke-infra-test-my-node-pool-02e08b2b-grp",
              "https://www.googleapis.com/compute/v1/projects/test-project-ws-342013/zones/us-west1-a/instanceGroups/gke-infra-test-my-node-pool-edd2f895-grp"
            ],
            "management": [
              {
                "auto_repair": true,
                "auto_upgrade": true
              }
            ],
            "max_pods_per_node": 110,
            "name": "my-node-pool",
            "name_prefix": "",
            "node_config": [
              {
                "boot_disk_kms_key": "",
                "disk_size_gb": 100,
                "disk_type": "pd-standard",
                "gcfs_config": [],
                "guest_accelerator": [],
                "image_type": "COS_CONTAINERD",
                "labels": {},
                "local_ssd_count": 0,
                "machine_type": "e2-medium",
                "metadata": {
                  "disable-legacy-endpoints": "true"
                },
                "min_cpu_platform": "",
                "node_group": "",
                "oauth_scopes": [
                  "https://www.googleapis.com/auth/cloud-platform"
                ],
                "preemptible": true,
                "service_account": "default",
                "shielded_instance_config": [
                  {
                    "enable_integrity_monitoring": true,
                    "enable_secure_boot": false
                  }
                ],
                "tags": null,
                "taint": [],
                "workload_metadata_config": []
              }
            ],
            "node_count": 5,
            "node_locations": [
              "us-west1-a",
              "us-west1-b",
              "us-west1-c"
            ],
            "operation": null,
            "project": "test-project-ws-342013",
            "timeouts": null,
            "upgrade_settings": [
              {
                "max_surge": 1,
                "max_unavailable": 0
              }
            ],
            "version": "1.21.6-gke.1503"
          },
          "sensitive_attributes": [],
          "private": "eyJlMmJmYjczMC1lY2FhLTExZTYtOGY4OC0zNDM2M2JjN2M0YzAiOnsiY3JlYXRlIjoxODAwMDAwMDAwMDAwLCJkZWxldGUiOjE4MDAwMDAwMDAwMDAsInVwZGF0ZSI6MTgwMDAwMDAwMDAwMH0sInNjaGVtYV92ZXJzaW9uIjoiMSJ9",
          "dependencies": [
            "module.gke_cluster.google_compute_network.vpc_network_gke",
            "module.gke_cluster.google_compute_subnetwork.gke-subnet",
            "module.gke_cluster.google_container_cluster.primary"
          ]
        }
      ]
    },
    {
      "module": "module.gke_cluster",
      "mode": "managed",
      "type": "google_redis_instance",
      "name": "cache",
      "provider": "provider[\"registry.terraform.io/hashicorp/google\"]",
      "instances": [
        {
          "schema_version": 0,
          "attributes": {
            "alternative_location_id": "us-west1-b",
            "auth_enabled": false,
            "auth_string": "",
            "authorized_network": "projects/test-project-ws-342013/global/networks/gke-vpc",
            "connect_mode": "PRIVATE_SERVICE_ACCESS",
            "create_time": "2022-03-10T14:30:16.521604973Z",
            "current_location_id": "us-west1-b",
            "display_name": "Terraform Test Instance",
            "host": "10.124.0.4",
            "id": "projects/test-project-ws-342013/locations/us-west1/instances/private-cache",
            "labels": null,
            "location_id": "us-west1-a",
            "maintenance_policy": [],
            "maintenance_schedule": [],
            "memory_size_gb": 1,
            "name": "private-cache",
            "persistence_iam_identity": "serviceAccount:412225757084-compute@developer.gserviceaccount.com",
            "port": 6379,
            "project": "test-project-ws-342013",
            "redis_configs": null,
            "redis_version": "REDIS_4_0",
            "region": "us-west1",
            "reserved_ip_range": "10.124.0.0/29",
            "server_ca_certs": [],
            "tier": "STANDARD_HA",
            "timeouts": null,
            "transit_encryption_mode": "DISABLED"
          },
          "sensitive_attributes": [],
          "private": "eyJlMmJmYjczMC1lY2FhLTExZTYtOGY4OC0zNDM2M2JjN2M0YzAiOnsiY3JlYXRlIjoxMjAwMDAwMDAwMDAwLCJkZWxldGUiOjEyMDAwMDAwMDAwMDAsInVwZGF0ZSI6MTIwMDAwMDAwMDAwMH19",
          "dependencies": [
            "module.gke_cluster.google_compute_global_address.private_ip_alloc",
            "module.gke_cluster.google_compute_network.vpc_network_gke",
            "module.gke_cluster.google_service_networking_connection.private_service_connection"
          ]
        }
      ]
    },
    {
      "module": "module.gke_cluster",
      "mode": "managed",
      "type": "google_service_networking_connection",
      "name": "private_service_connection",
      "provider": "provider[\"registry.terraform.io/hashicorp/google\"]",
      "instances": [
        {
          "schema_version": 0,
          "attributes": {
            "id": "projects%2Ftest-project-ws-342013%2Fglobal%2Fnetworks%2Fgke-vpc:servicenetworking.googleapis.com",
            "network": "projects/test-project-ws-342013/global/networks/gke-vpc",
            "peering": "servicenetworking-googleapis-com",
            "reserved_peering_ranges": [
              "private-ip-alloc"
            ],
            "service": "servicenetworking.googleapis.com",
            "timeouts": null
          },
          "sensitive_attributes": [],
          "private": "eyJlMmJmYjczMC1lY2FhLTExZTYtOGY4OC0zNDM2M2JjN2M0YzAiOnsiY3JlYXRlIjo2MDAwMDAwMDAwMDAsImRlbGV0ZSI6NjAwMDAwMDAwMDAwLCJ1cGRhdGUiOjYwMDAwMDAwMDAwMH19",
          "dependencies": [
            "module.gke_cluster.google_compute_global_address.private_ip_alloc",
            "module.gke_cluster.google_compute_network.vpc_network_gke"
          ]
        }
      ]
    },
    {
      "module": "module.gke_cluster",
      "mode": "managed",
      "type": "kubernetes_namespace",
      "name": "development",
      "provider": "provider[\"registry.terraform.io/hashicorp/kubernetes\"]",
      "instances": [
        {
          "schema_version": 0,
          "attributes": {
            "id": "development",
            "metadata": [
              {
                "annotations": null,
                "generate_name": "",
                "generation": 0,
                "labels": {
                  "env": "dev"
                },
                "name": "development",
                "resource_version": "2352",
                "uid": "759b2780-e989-41a0-813e-0f2e8416ce3a"
              }
            ],
            "timeouts": null
          },
          "sensitive_attributes": [],
          "private": "eyJlMmJmYjczMC1lY2FhLTExZTYtOGY4OC0zNDM2M2JjN2M0YzAiOnsiZGVsZXRlIjozMDAwMDAwMDAwMDB9fQ==",
          "dependencies": [
            "data.google_client_config.default",
            "module.gke_cluster.google_compute_network.vpc_network_gke",
            "module.gke_cluster.google_compute_subnetwork.gke-subnet",
            "module.gke_cluster.google_container_cluster.primary"
          ]
        }
      ]
    },
    {
      "module": "module.gke_cluster",
      "mode": "managed",
      "type": "kubernetes_namespace",
      "name": "production",
      "provider": "provider[\"registry.terraform.io/hashicorp/kubernetes\"]",
      "instances": [
        {
          "schema_version": 0,
          "attributes": {
            "id": "production",
            "metadata": [
              {
                "annotations": null,
                "generate_name": "",
                "generation": 0,
                "labels": {
                  "env": "prod"
                },
                "name": "production",
                "resource_version": "2353",
                "uid": "35ddd186-dcc7-4034-b15b-b0891e2fc2ce"
              }
            ],
            "timeouts": null
          },
          "sensitive_attributes": [],
          "private": "eyJlMmJmYjczMC1lY2FhLTExZTYtOGY4OC0zNDM2M2JjN2M0YzAiOnsiZGVsZXRlIjozMDAwMDAwMDAwMDB9fQ==",
          "dependencies": [
            "data.google_client_config.default",
            "module.gke_cluster.google_compute_network.vpc_network_gke",
            "module.gke_cluster.google_compute_subnetwork.gke-subnet",
            "module.gke_cluster.google_container_cluster.primary"
          ]
        }
      ]
    },
    {
      "module": "module.gke_cluster",
      "mode": "managed",
      "type": "kubernetes_namespace",
      "name": "staging",
      "provider": "provider[\"registry.terraform.io/hashicorp/kubernetes\"]",
      "instances": [
        {
          "schema_version": 0,
          "attributes": {
            "id": "staging",
            "metadata": [
              {
                "annotations": null,
                "generate_name": "",
                "generation": 0,
                "labels": {
                  "env": "stg"
                },
                "name": "staging",
                "resource_version": "2351",
                "uid": "f613ec4e-d3bb-49c9-9d0c-c65ba297370d"
              }
            ],
            "timeouts": null
          },
          "sensitive_attributes": [],
          "private": "eyJlMmJmYjczMC1lY2FhLTExZTYtOGY4OC0zNDM2M2JjN2M0YzAiOnsiZGVsZXRlIjozMDAwMDAwMDAwMDB9fQ==",
          "dependencies": [
            "data.google_client_config.default",
            "module.gke_cluster.google_compute_network.vpc_network_gke",
            "module.gke_cluster.google_compute_subnetwork.gke-subnet",
            "module.gke_cluster.google_container_cluster.primary"
          ]
        }
      ]
    }
  ]
}
